// !$*UTF8*$!
{
	archiveVersion = 1;
	classes = {
	};
	objectVersion = 77;
	objects = {

/* Begin PBXContainerItemProxy section */
		42A8EC8C2CA1C95E0037CADC /* PBXContainerItemProxy */ = {
			isa = PBXContainerItemProxy;
			containerPortal = 42A8EC6D2CA1C95D0037CADC /* Project object */;
			proxyType = 1;
			remoteGlobalIDString = 42A8EC742CA1C95D0037CADC;
			remoteInfo = App3;
		};
		42A8EC962CA1C95E0037CADC /* PBXContainerItemProxy */ = {
			isa = PBXContainerItemProxy;
			containerPortal = 42A8EC6D2CA1C95D0037CADC /* Project object */;
			proxyType = 1;
			remoteGlobalIDString = 42A8EC742CA1C95D0037CADC;
			remoteInfo = App3;
		};
/* End PBXContainerItemProxy section */

/* Begin PBXFileReference section */
		42A8EC752CA1C95D0037CADC /* App3.app */ = {isa = PBXFileReference; explicitFileType = wrapper.application; includeInIndex = 0; path = App3.app; sourceTree = BUILT_PRODUCTS_DIR; };
		42A8EC8B2CA1C95E0037CADC /* App3Tests.xctest */ = {isa = PBXFileReference; explicitFileType = wrapper.cfbundle; includeInIndex = 0; path = App3Tests.xctest; sourceTree = BUILT_PRODUCTS_DIR; };
		42A8EC952CA1C95E0037CADC /* App3UITests.xctest */ = {isa = PBXFileReference; explicitFileType = wrapper.cfbundle; includeInIndex = 0; path = App3UITests.xctest; sourceTree = BUILT_PRODUCTS_DIR; };
/* End PBXFileReference section */

/* Begin PBXFileSystemSynchronizedBuildFileExceptionSet section */
		42A8EC9D2CA1C95E0037CADC /* Exceptions for "App3" folder in "App3" target */ = {
			isa = PBXFileSystemSynchronizedBuildFileExceptionSet;
			membershipExceptions = (
				Info.plist,
			);
			target = 42A8EC742CA1C95D0037CADC /* App3 */;
		};
/* End PBXFileSystemSynchronizedBuildFileExceptionSet section */

/* Begin PBXFileSystemSynchronizedRootGroup section */
		42A8EC772CA1C95D0037CADC /* App3 */ = {
			isa = PBXFileSystemSynchronizedRootGroup;
			exceptions = (
				42A8EC9D2CA1C95E0037CADC /* Exceptions for "App3" folder in "App3" target */,
			);
			path = App3;
			sourceTree = "<group>";
		};
		42A8EC8E2CA1C95E0037CADC /* App3Tests */ = {
			isa = PBXFileSystemSynchronizedRootGroup;
			path = App3Tests;
			sourceTree = "<group>";
		};
		42A8EC982CA1C95E0037CADC /* App3UITests */ = {
			isa = PBXFileSystemSynchronizedRootGroup;
			path = App3UITests;
			sourceTree = "<group>";
		};
/* End PBXFileSystemSynchronizedRootGroup section */

/* Begin PBXFrameworksBuildPhase section */
		42A8EC722CA1C95D0037CADC /* Frameworks */ = {
			isa = PBXFrameworksBuildPhase;
			buildActionMask = 2147483647;
			files = (
			);
			runOnlyForDeploymentPostprocessing = 0;
		};
		42A8EC882CA1C95E0037CADC /* Frameworks */ = {
			isa = PBXFrameworksBuildPhase;
			buildActionMask = 2147483647;
			files = (
			);
			runOnlyForDeploymentPostprocessing = 0;
		};
		42A8EC922CA1C95E0037CADC /* Frameworks */ = {
			isa = PBXFrameworksBuildPhase;
			buildActionMask = 2147483647;
			files = (
			);
			runOnlyForDeploymentPostprocessing = 0;
		};
/* End PBXFrameworksBuildPhase section */

/* Begin PBXGroup section */
		42A8EC6C2CA1C95D0037CADC = {
			isa = PBXGroup;
			children = (
				42A8EC772CA1C95D0037CADC /* App3 */,
				42A8EC8E2CA1C95E0037CADC /* App3Tests */,
				42A8EC982CA1C95E0037CADC /* App3UITests */,
				42A8EC762CA1C95D0037CADC /* Products */,
			);
			sourceTree = "<group>";
		};
		42A8EC762CA1C95D0037CADC /* Products */ = {
			isa = PBXGroup;
			children = (
				42A8EC752CA1C95D0037CADC /* App3.app */,
				42A8EC8B2CA1C95E0037CADC /* App3Tests.xctest */,
				42A8EC952CA1C95E0037CADC /* App3UITests.xctest */,
			);
			name = Products;
			sourceTree = "<group>";
		};
/* End PBXGroup section */

/* Begin PBXNativeTarget section */
		42A8EC742CA1C95D0037CADC /* App3 */ = {
			isa = PBXNativeTarget;
			buildConfigurationList = 42A8EC9E2CA1C95E0037CADC /* Build configuration list for PBXNativeTarget "App3" */;
			buildPhases = (
				42A8EC712CA1C95D0037CADC /* Sources */,
				42A8EC722CA1C95D0037CADC /* Frameworks */,
				42A8EC732CA1C95D0037CADC /* Resources */,
			);
			buildRules = (
			);
			dependencies = (
			);
			fileSystemSynchronizedGroups = (
				42A8EC772CA1C95D0037CADC /* App3 */,
			);
			name = App3;
			packageProductDependencies = (
			);
			productName = App3;
			productReference = 42A8EC752CA1C95D0037CADC /* App3.app */;
			productType = "com.apple.product-type.application";
		};
		42A8EC8A2CA1C95E0037CADC /* App3Tests */ = {
			isa = PBXNativeTarget;
			buildConfigurationList = 42A8ECA32CA1C95E0037CADC /* Build configuration list for PBXNativeTarget "App3Tests" */;
			buildPhases = (
				42A8EC872CA1C95E0037CADC /* Sources */,
				42A8EC882CA1C95E0037CADC /* Frameworks */,
				42A8EC892CA1C95E0037CADC /* Resources */,
			);
			buildRules = (
			);
			dependencies = (
				42A8EC8D2CA1C95E0037CADC /* PBXTargetDependency */,
			);
			fileSystemSynchronizedGroups = (
				42A8EC8E2CA1C95E0037CADC /* App3Tests */,
			);
			name = App3Tests;
			packageProductDependencies = (
			);
			productName = App3Tests;
			productReference = 42A8EC8B2CA1C95E0037CADC /* App3Tests.xctest */;
			productType = "com.apple.product-type.bundle.unit-test";
		};
		42A8EC942CA1C95E0037CADC /* App3UITests */ = {
			isa = PBXNativeTarget;
			buildConfigurationList = 42A8ECA62CA1C95E0037CADC /* Build configuration list for PBXNativeTarget "App3UITests" */;
			buildPhases = (
				42A8EC912CA1C95E0037CADC /* Sources */,
				42A8EC922CA1C95E0037CADC /* Frameworks */,
				42A8EC932CA1C95E0037CADC /* Resources */,
			);
			buildRules = (
			);
			dependencies = (
				42A8EC972CA1C95E0037CADC /* PBXTargetDependency */,
			);
			fileSystemSynchronizedGroups = (
				42A8EC982CA1C95E0037CADC /* App3UITests */,
			);
			name = App3UITests;
			packageProductDependencies = (
			);
			productName = App3UITests;
			productReference = 42A8EC952CA1C95E0037CADC /* App3UITests.xctest */;
			productType = "com.apple.product-type.bundle.ui-testing";
		};
/* End PBXNativeTarget section */

/* Begin PBXProject section */
		42A8EC6D2CA1C95D0037CADC /* Project object */ = {
			isa = PBXProject;
			attributes = {
				BuildIndependentTargetsInParallel = 1;
				LastSwiftUpdateCheck = 1600;
				LastUpgradeCheck = 1600;
				TargetAttributes = {
					42A8EC742CA1C95D0037CADC = {
						CreatedOnToolsVersion = 16.0;
					};
					42A8EC8A2CA1C95E0037CADC = {
						CreatedOnToolsVersion = 16.0;
						TestTargetID = 42A8EC742CA1C95D0037CADC;
					};
					42A8EC942CA1C95E0037CADC = {
						CreatedOnToolsVersion = 16.0;
						TestTargetID = 42A8EC742CA1C95D0037CADC;
					};
				};
			};
			buildConfigurationList = 42A8EC702CA1C95D0037CADC /* Build configuration list for PBXProject "App3" */;
			developmentRegion = en;
			hasScannedForEncodings = 0;
			knownRegions = (
				en,
				Base,
			);
			mainGroup = 42A8EC6C2CA1C95D0037CADC;
			minimizedProjectReferenceProxies = 1;
			preferredProjectObjectVersion = 77;
			productRefGroup = 42A8EC762CA1C95D0037CADC /* Products */;
			projectDirPath = "";
			projectRoot = "";
			targets = (
				42A8EC742CA1C95D0037CADC /* App3 */,
				42A8EC8A2CA1C95E0037CADC /* App3Tests */,
				42A8EC942CA1C95E0037CADC /* App3UITests */,
			);
		};
/* End PBXProject section */

/* Begin PBXResourcesBuildPhase section */
		42A8EC732CA1C95D0037CADC /* Resources */ = {
			isa = PBXResourcesBuildPhase;
			buildActionMask = 2147483647;
			files = (
			);
			runOnlyForDeploymentPostprocessing = 0;
		};
		42A8EC892CA1C95E0037CADC /* Resources */ = {
			isa = PBXResourcesBuildPhase;
			buildActionMask = 2147483647;
			files = (
			);
			runOnlyForDeploymentPostprocessing = 0;
		};
		42A8EC932CA1C95E0037CADC /* Resources */ = {
			isa = PBXResourcesBuildPhase;
			buildActionMask = 2147483647;
			files = (
			);
			runOnlyForDeploymentPostprocessing = 0;
		};
/* End PBXResourcesBuildPhase section */

/* Begin PBXSourcesBuildPhase section */
		42A8EC712CA1C95D0037CADC /* Sources */ = {
			isa = PBXSourcesBuildPhase;
			buildActionMask = 2147483647;
			files = (
			);
			runOnlyForDeploymentPostprocessing = 0;
		};
		42A8EC872CA1C95E0037CADC /* Sources */ = {
			isa = PBXSourcesBuildPhase;
			buildActionMask = 2147483647;
			files = (
			);
			runOnlyForDeploymentPostprocessing = 0;
		};
		42A8EC912CA1C95E0037CADC /* Sources */ = {
			isa = PBXSourcesBuildPhase;
			buildActionMask = 2147483647;
			files = (
			);
			runOnlyForDeploymentPostprocessing = 0;
		};
/* End PBXSourcesBuildPhase section */

/* Begin PBXTargetDependency section */
		42A8EC8D2CA1C95E0037CADC /* PBXTargetDependency */ = {
			isa = PBXTargetDependency;
			target = 42A8EC742CA1C95D0037CADC /* App3 */;
			targetProxy = 42A8EC8C2CA1C95E0037CADC /* PBXContainerItemProxy */;
		};
		42A8EC972CA1C95E0037CADC /* PBXTargetDependency */ = {
			isa = PBXTargetDependency;
			target = 42A8EC742CA1C95D0037CADC /* App3 */;
			targetProxy = 42A8EC962CA1C95E0037CADC /* PBXContainerItemProxy */;
		};
/* End PBXTargetDependency section */

/* Begin XCBuildConfiguration section */
		42A8EC9F2CA1C95E0037CADC /* Debug */ = {
			isa = XCBuildConfiguration;
			buildSettings = {
				ASSETCATALOG_COMPILER_APPICON_NAME = AppIcon;
				ASSETCATALOG_COMPILER_GLOBAL_ACCENT_COLOR_NAME = AccentColor;
				CODE_SIGN_STYLE = Automatic;
				CURRENT_PROJECT_VERSION = 1;
				DEVELOPMENT_TEAM = X3N5JP69PB;
				GENERATE_INFOPLIST_FILE = YES;
				INFOPLIST_FILE = App3/Info.plist;
				INFOPLIST_KEY_UIApplicationSupportsIndirectInputEvents = YES;
				INFOPLIST_KEY_UILaunchStoryboardName = LaunchScreen;
				INFOPLIST_KEY_UIMainStoryboardFile = Main;
				INFOPLIST_KEY_UISupportedInterfaceOrientations_iPad = "UIInterfaceOrientationPortrait UIInterfaceOrientationPortraitUpsideDown UIInterfaceOrientationLandscapeLeft UIInterfaceOrientationLandscapeRight";
				INFOPLIST_KEY_UISupportedInterfaceOrientations_iPhone = "UIInterfaceOrientationPortrait UIInterfaceOrientationLandscapeLeft UIInterfaceOrientationLandscapeRight";
				LD_RUNPATH_SEARCH_PATHS = (
					"$(inherited)",
					"@executable_path/Frameworks",
				);
				MARKETING_VERSION = 1.0;
				PRODUCT_BUNDLE_IDENTIFIER = com.sameerNEUios.App3;
				PRODUCT_NAME = "$(TARGET_NAME)";
				SWIFT_EMIT_LOC_STRINGS = YES;
				SWIFT_VERSION = 5.0;
				TARGETED_DEVICE_FAMILY = "1,2";
			};
			name = Debug;
		};
		42A8ECA02CA1C95E0037CADC /* Release */ = {
			isa = XCBuildConfiguration;
			buildSettings = {
				ASSETCATALOG_COMPILER_APPICON_NAME = AppIcon;
				ASSETCATALOG_COMPILER_GLOBAL_ACCENT_COLOR_NAME = AccentColor;
				CODE_SIGN_STYLE = Automatic;
				CURRENT_PROJECT_VERSION = 1;
				DEVELOPMENT_TEAM = X3N5JP69PB;
				GENERATE_INFOPLIST_FILE = YES;
				INFOPLIST_FILE = App3/Info.plist;
				INFOPLIST_KEY_UIApplicationSupportsIndirectInputEvents = YES;
				INFOPLIST_KEY_UILaunchStoryboardName = LaunchScreen;
				INFOPLIST_KEY_UIMainStoryboardFile = Main;
				INFOPLIST_KEY_UISupportedInterfaceOrientations_iPad = "UIInterfaceOrientationPortrait UIInterfaceOrientationPortraitUpsideDown UIInterfaceOrientationLandscapeLeft UIInterfaceOrientationLandscapeRight";
				INFOPLIST_KEY_UISupportedInterfaceOrientations_iPhone = "UIInterfaceOrientationPortrait UIInterfaceOrientationLandscapeLeft UIInterfaceOrientationLandscapeRight";
				LD_RUNPATH_SEARCH_PATHS = (
					"$(inherited)",
					"@executable_path/Frameworks",
				);
				MARKETING_VERSION = 1.0;
				PRODUCT_BUNDLE_IDENTIFIER = com.sameerNEUios.App3;
				PRODUCT_NAME = "$(TARGET_NAME)";
				SWIFT_EMIT_LOC_STRINGS = YES;
				SWIFT_VERSION = 5.0;
				TARGETED_DEVICE_FAMILY = "1,2";
			};
			name = Release;
		};
		42A8ECA12CA1C95E0037CADC /* Debug */ = {
			isa = XCBuildConfiguration;
			buildSettings = {
				ALWAYS_SEARCH_USER_PATHS = NO;
				ASSETCATALOG_COMPILER_GENERATE_SWIFT_ASSET_SYMBOL_EXTENSIONS = YES;
				CLANG_ANALYZER_NONNULL = YES;
				CLANG_ANALYZER_NUMBER_OBJECT_CONVERSION = YES_AGGRESSIVE;
				CLANG_CXX_LANGUAGE_STANDARD = "gnu++20";
				CLANG_ENABLE_MODULES = YES;
				CLANG_ENABLE_OBJC_ARC = YES;
				CLANG_ENABLE_OBJC_WEAK = YES;
				CLANG_WARN_BLOCK_CAPTURE_AUTORELEASING = YES;
				CLANG_WARN_BOOL_CONVERSION = YES;
				CLANG_WARN_COMMA = YES;
				CLANG_WARN_CONSTANT_CONVERSION = YES;
				CLANG_WARN_DEPRECATED_OBJC_IMPLEMENTATIONS = YES;
				CLANG_WARN_DIRECT_OBJC_ISA_USAGE = YES_ERROR;
				CLANG_WARN_DOCUMENTATION_COMMENTS = YES;
				CLANG_WARN_EMPTY_BODY = YES;
				CLANG_WARN_ENUM_CONVERSION = YES;
				CLANG_WARN_INFINITE_RECURSION = YES;
				CLANG_WARN_INT_CONVERSION = YES;
				CLANG_WARN_NON_LITERAL_NULL_CONVERSION = YES;
				CLANG_WARN_OBJC_IMPLICIT_RETAIN_SELF = YES;
				CLANG_WARN_OBJC_LITERAL_CONVERSION = YES;
				CLANG_WARN_OBJC_ROOT_CLASS = YES_ERROR;
				CLANG_WARN_QUOTED_INCLUDE_IN_FRAMEWORK_HEADER = YES;
				CLANG_WARN_RANGE_LOOP_ANALYSIS = YES;
				CLANG_WARN_STRICT_PROTOTYPES = YES;
				CLANG_WARN_SUSPICIOUS_MOVE = YES;
				CLANG_WARN_UNGUARDED_AVAILABILITY = YES_AGGRESSIVE;
				CLANG_WARN_UNREACHABLE_CODE = YES;
				CLANG_WARN__DUPLICATE_METHOD_MATCH = YES;
				COPY_PHASE_STRIP = NO;
				DEBUG_INFORMATION_FORMAT = dwarf;
				ENABLE_STRICT_OBJC_MSGSEND = YES;
				ENABLE_TESTABILITY = YES;
				ENABLE_USER_SCRIPT_SANDBOXING = YES;
				GCC_C_LANGUAGE_STANDARD = gnu17;
				GCC_DYNAMIC_NO_PIC = NO;
				GCC_NO_COMMON_BLOCKS = YES;
				GCC_OPTIMIZATION_LEVEL = 0;
				GCC_PREPROCESSOR_DEFINITIONS = (
					"DEBUG=1",
					"$(inherited)",
				);
				GCC_WARN_64_TO_32_BIT_CONVERSION = YES;
				GCC_WARN_ABOUT_RETURN_TYPE = YES_ERROR;
				GCC_WARN_UNDECLARED_SELECTOR = YES;
				GCC_WARN_UNINITIALIZED_AUTOS = YES_AGGRESSIVE;
				GCC_WARN_UNUSED_FUNCTION = YES;
				GCC_WARN_UNUSED_VARIABLE = YES;
				IPHONEOS_DEPLOYMENT_TARGET = 18.0;
				LOCALIZATION_PREFERS_STRING_CATALOGS = YES;
				MTL_ENABLE_DEBUG_INFO = INCLUDE_SOURCE;
				MTL_FAST_MATH = YES;
				ONLY_ACTIVE_ARCH = YES;
				SDKROOT = iphoneos;
				SWIFT_ACTIVE_COMPILATION_CONDITIONS = "DEBUG $(inherited)";
				SWIFT_OPTIMIZATION_LEVEL = "-Onone";
			};
			name = Debug;
		};
		42A8ECA22CA1C95E0037CADC /* Release */ = {
			isa = XCBuildConfiguration;
			buildSettings = {
				ALWAYS_SEARCH_USER_PATHS = NO;
				ASSETCATALOG_COMPILER_GENERATE_SWIFT_ASSET_SYMBOL_EXTENSIONS = YES;
				CLANG_ANALYZER_NONNULL = YES;
				CLANG_ANALYZER_NUMBER_OBJECT_CONVERSION = YES_AGGRESSIVE;
				CLANG_CXX_LANGUAGE_STANDARD = "gnu++20";
				CLANG_ENABLE_MODULES = YES;
				CLANG_ENABLE_OBJC_ARC = YES;
				CLANG_ENABLE_OBJC_WEAK = YES;
				CLANG_WARN_BLOCK_CAPTURE_AUTORELEASING = YES;
				CLANG_WARN_BOOL_CONVERSION = YES;
				CLANG_WARN_COMMA = YES;
				CLANG_WARN_CONSTANT_CONVERSION = YES;
				CLANG_WARN_DEPRECATED_OBJC_IMPLEMENTATIONS = YES;
				CLANG_WARN_DIRECT_OBJC_ISA_USAGE = YES_ERROR;
				CLANG_WARN_DOCUMENTATION_COMMENTS = YES;
				CLANG_WARN_EMPTY_BODY = YES;
				CLANG_WARN_ENUM_CONVERSION = YES;
				CLANG_WARN_INFINITE_RECURSION = YES;
				CLANG_WARN_INT_CONVERSION = YES;
				CLANG_WARN_NON_LITERAL_NULL_CONVERSION = YES;
				CLANG_WARN_OBJC_IMPLICIT_RETAIN_SELF = YES;
				CLANG_WARN_OBJC_LITERAL_CONVERSION = YES;
				CLANG_WARN_OBJC_ROOT_CLASS = YES_ERROR;
				CLANG_WARN_QUOTED_INCLUDE_IN_FRAMEWORK_HEADER = YES;
				CLANG_WARN_RANGE_LOOP_ANALYSIS = YES;
				CLANG_WARN_STRICT_PROTOTYPES = YES;
				CLANG_WARN_SUSPICIOUS_MOVE = YES;
				CLANG_WARN_UNGUARDED_AVAILABILITY = YES_AGGRESSIVE;
				CLANG_WARN_UNREACHABLE_CODE = YES;
				CLANG_WARN__DUPLICATE_METHOD_MATCH = YES;
				COPY_PHASE_STRIP = NO;
				DEBUG_INFORMATION_FORMAT = "dwarf-with-dsym";
				ENABLE_NS_ASSERTIONS = NO;
				ENABLE_STRICT_OBJC_MSGSEND = YES;
				ENABLE_USER_SCRIPT_SANDBOXING = YES;
				GCC_C_LANGUAGE_STANDARD = gnu17;
				GCC_NO_COMMON_BLOCKS = YES;
				GCC_WARN_64_TO_32_BIT_CONVERSION = YES;
				GCC_WARN_ABOUT_RETURN_TYPE = YES_ERROR;
				GCC_WARN_UNDECLARED_SELECTOR = YES;
				GCC_WARN_UNINITIALIZED_AUTOS = YES_AGGRESSIVE;
				GCC_WARN_UNUSED_FUNCTION = YES;
				GCC_WARN_UNUSED_VARIABLE = YES;
				IPHONEOS_DEPLOYMENT_TARGET = 18.0;
				LOCALIZATION_PREFERS_STRING_CATALOGS = YES;
				MTL_ENABLE_DEBUG_INFO = NO;
				MTL_FAST_MATH = YES;
				SDKROOT = iphoneos;
				SWIFT_COMPILATION_MODE = wholemodule;
				VALIDATE_PRODUCT = YES;
			};
			name = Release;
		};
		42A8ECA42CA1C95E0037CADC /* Debug */ = {
			isa = XCBuildConfiguration;
			buildSettings = {
				BUNDLE_LOADER = "$(TEST_HOST)";
				CODE_SIGN_STYLE = Automatic;
				CURRENT_PROJECT_VERSION = 1;
				DEVELOPMENT_TEAM = X3N5JP69PB;
				GENERATE_INFOPLIST_FILE = YES;
				IPHONEOS_DEPLOYMENT_TARGET = 18.0;
				MARKETING_VERSION = 1.0;
				PRODUCT_BUNDLE_IDENTIFIER = com.sameerNEUios.App3Tests;
				PRODUCT_NAME = "$(TARGET_NAME)";
				SWIFT_EMIT_LOC_STRINGS = NO;
				SWIFT_VERSION = 5.0;
				TARGETED_DEVICE_FAMILY = "1,2";
				TEST_HOST = "$(BUILT_PRODUCTS_DIR)/App3.app/$(BUNDLE_EXECUTABLE_FOLDER_PATH)/App3";
			};
			name = Debug;
		};
		42A8ECA52CA1C95E0037CADC /* Release */ = {
			isa = XCBuildConfiguration;
			buildSettings = {
				BUNDLE_LOADER = "$(TEST_HOST)";
				CODE_SIGN_STYLE = Automatic;
				CURRENT_PROJECT_VERSION = 1;
				DEVELOPMENT_TEAM = X3N5JP69PB;
				GENERATE_INFOPLIST_FILE = YES;
				IPHONEOS_DEPLOYMENT_TARGET = 18.0;
				MARKETING_VERSION = 1.0;
				PRODUCT_BUNDLE_IDENTIFIER = com.sameerNEUios.App3Tests;
				PRODUCT_NAME = "$(TARGET_NAME)";
				SWIFT_EMIT_LOC_STRINGS = NO;
				SWIFT_VERSION = 5.0;
				TARGETED_DEVICE_FAMILY = "1,2";
				TEST_HOST = "$(BUILT_PRODUCTS_DIR)/App3.app/$(BUNDLE_EXECUTABLE_FOLDER_PATH)/App3";
			};
			name = Release;
		};
		42A8ECA72CA1C95E0037CADC /* Debug */ = {
			isa = XCBuildConfiguration;
			buildSettings = {
				CODE_SIGN_STYLE = Automatic;
				CURRENT_PROJECT_VERSION = 1;
				DEVELOPMENT_TEAM = X3N5JP69PB;
				GENERATE_INFOPLIST_FILE = YES;
				MARKETING_VERSION = 1.0;
				PRODUCT_BUNDLE_IDENTIFIER = com.sameerNEUios.App3UITests;
				PRODUCT_NAME = "$(TARGET_NAME)";
				SWIFT_EMIT_LOC_STRINGS = NO;
				SWIFT_VERSION = 5.0;
				TARGETED_DEVICE_FAMILY = "1,2";
				TEST_TARGET_NAME = App3;
			};
			name = Debug;
		};
		42A8ECA82CA1C95E0037CADC /* Release */ = {
			isa = XCBuildConfiguration;
			buildSettings = {
				CODE_SIGN_STYLE = Automatic;
				CURRENT_PROJECT_VERSION = 1;
				DEVELOPMENT_TEAM = X3N5JP69PB;
				GENERATE_INFOPLIST_FILE = YES;
				MARKETING_VERSION = 1.0;
				PRODUCT_BUNDLE_IDENTIFIER = com.sameerNEUios.App3UITests;
				PRODUCT_NAME = "$(TARGET_NAME)";
				SWIFT_EMIT_LOC_STRINGS = NO;
				SWIFT_VERSION = 5.0;
				TARGETED_DEVICE_FAMILY = "1,2";
				TEST_TARGET_NAME = App3;
			};
			name = Release;
		};
/* End XCBuildConfiguration section */

/* Begin XCConfigurationList section */
		42A8EC702CA1C95D0037CADC /* Build configuration list for PBXProject "App3" */ = {
			isa = XCConfigurationList;
			buildConfigurations = (
				42A8ECA12CA1C95E0037CADC /* Debug */,
				42A8ECA22CA1C95E0037CADC /* Release */,
			);
			defaultConfigurationIsVisible = 0;
			defaultConfigurationName = Release;
		};
		42A8EC9E2CA1C95E0037CADC /* Build configuration list for PBXNativeTarget "App3" */ = {
			isa = XCConfigurationList;
			buildConfigurations = (
				42A8EC9F2CA1C95E0037CADC /* Debug */,
				42A8ECA02CA1C95E0037CADC /* Release */,
			);
			defaultConfigurationIsVisible = 0;
			defaultConfigurationName = Release;
		};
		42A8ECA32CA1C95E0037CADC /* Build configuration list for PBXNativeTarget "App3Tests" */ = {
			isa = XCConfigurationList;
			buildConfigurations = (
				42A8ECA42CA1C95E0037CADC /* Debug */,
				42A8ECA52CA1C95E0037CADC /* Release */,
			);
			defaultConfigurationIsVisible = 0;
			defaultConfigurationName = Release;
		};
		42A8ECA62CA1C95E0037CADC /* Build configuration list for PBXNativeTarget "App3UITests" */ = {
			isa = XCConfigurationList;
			buildConfigurations = (
				42A8ECA72CA1C95E0037CADC /* Debug */,
				42A8ECA82CA1C95E0037CADC /* Release */,
			);
			defaultConfigurationIsVisible = 0;
			defaultConfigurationName = Release;
		};
/* End XCConfigurationList section */
	};
	rootObject = 42A8EC6D2CA1C95D0037CADC /* Project object */;
}
