// !$*UTF8*$!
{
	archiveVersion = 1;
	classes = {
	};
	objectVersion = 77;
	objects = {

/* Begin PBXBuildFile section */
		42E083722CC867220092AA12 /* Alamofire in Frameworks */ = {isa = PBXBuildFile; productRef = 42E083712CC867220092AA12 /* Alamofire */; };
/* End PBXBuildFile section */

/* Begin PBXContainerItemProxy section */
		42E083532CC866EF0092AA12 /* PBXContainerItemProxy */ = {
			isa = PBXContainerItemProxy;
			containerPortal = 42E083342CC866EE0092AA12 /* Project object */;
			proxyType = 1;
			remoteGlobalIDString = 42E0833B2CC866EE0092AA12;
			remoteInfo = App10;
		};
		42E0835D2CC866EF0092AA12 /* PBXContainerItemProxy */ = {
			isa = PBXContainerItemProxy;
			containerPortal = 42E083342CC866EE0092AA12 /* Project object */;
			proxyType = 1;
			remoteGlobalIDString = 42E0833B2CC866EE0092AA12;
			remoteInfo = App10;
		};
/* End PBXContainerItemProxy section */

/* Begin PBXFileReference section */
		42E0833C2CC866EE0092AA12 /* App10.app */ = {isa = PBXFileReference; explicitFileType = wrapper.application; includeInIndex = 0; path = App10.app; sourceTree = BUILT_PRODUCTS_DIR; };
		42E083522CC866EF0092AA12 /* App10Tests.xctest */ = {isa = PBXFileReference; explicitFileType = wrapper.cfbundle; includeInIndex = 0; path = App10Tests.xctest; sourceTree = BUILT_PRODUCTS_DIR; };
		42E0835C2CC866EF0092AA12 /* App10UITests.xctest */ = {isa = PBXFileReference; explicitFileType = wrapper.cfbundle; includeInIndex = 0; path = App10UITests.xctest; sourceTree = BUILT_PRODUCTS_DIR; };
/* End PBXFileReference section */

/* Begin PBXFileSystemSynchronizedBuildFileExceptionSet section */
		42E083642CC866EF0092AA12 /* Exceptions for "App10" folder in "App10" target */ = {
			isa = PBXFileSystemSynchronizedBuildFileExceptionSet;
			membershipExceptions = (
				Info.plist,
			);
			target = 42E0833B2CC866EE0092AA12 /* App10 */;
		};
/* End PBXFileSystemSynchronizedBuildFileExceptionSet section */

/* Begin PBXFileSystemSynchronizedRootGroup section */
		42E0833E2CC866EE0092AA12 /* App10 */ = {
			isa = PBXFileSystemSynchronizedRootGroup;
			exceptions = (
				42E083642CC866EF0092AA12 /* Exceptions for "App10" folder in "App10" target */,
			);
			path = App10;
			sourceTree = "<group>";
		};
		42E083552CC866EF0092AA12 /* App10Tests */ = {
			isa = PBXFileSystemSynchronizedRootGroup;
			path = App10Tests;
			sourceTree = "<group>";
		};
		42E0835F2CC866EF0092AA12 /* App10UITests */ = {
			isa = PBXFileSystemSynchronizedRootGroup;
			path = App10UITests;
			sourceTree = "<group>";
		};
/* End PBXFileSystemSynchronizedRootGroup section */

/* Begin PBXFrameworksBuildPhase section */
		42E083392CC866EE0092AA12 /* Frameworks */ = {
			isa = PBXFrameworksBuildPhase;
			buildActionMask = 2147483647;
			files = (
				42E083722CC867220092AA12 /* Alamofire in Frameworks */,
			);
			runOnlyForDeploymentPostprocessing = 0;
		};
		42E0834F2CC866EF0092AA12 /* Frameworks */ = {
			isa = PBXFrameworksBuildPhase;
			buildActionMask = 2147483647;
			files = (
			);
			runOnlyForDeploymentPostprocessing = 0;
		};
		42E083592CC866EF0092AA12 /* Frameworks */ = {
			isa = PBXFrameworksBuildPhase;
			buildActionMask = 2147483647;
			files = (
			);
			runOnlyForDeploymentPostprocessing = 0;
		};
/* End PBXFrameworksBuildPhase section */

/* Begin PBXGroup section */
		42E083332CC866EE0092AA12 = {
			isa = PBXGroup;
			children = (
				42E0833E2CC866EE0092AA12 /* App10 */,
				42E083552CC866EF0092AA12 /* App10Tests */,
				42E0835F2CC866EF0092AA12 /* App10UITests */,
				42E0833D2CC866EE0092AA12 /* Products */,
			);
			sourceTree = "<group>";
		};
		42E0833D2CC866EE0092AA12 /* Products */ = {
			isa = PBXGroup;
			children = (
				42E0833C2CC866EE0092AA12 /* App10.app */,
				42E083522CC866EF0092AA12 /* App10Tests.xctest */,
				42E0835C2CC866EF0092AA12 /* App10UITests.xctest */,
			);
			name = Products;
			sourceTree = "<group>";
		};
/* End PBXGroup section */

/* Begin PBXNativeTarget section */
		42E0833B2CC866EE0092AA12 /* App10 */ = {
			isa = PBXNativeTarget;
			buildConfigurationList = 42E083652CC866EF0092AA12 /* Build configuration list for PBXNativeTarget "App10" */;
			buildPhases = (
				42E083382CC866EE0092AA12 /* Sources */,
				42E083392CC866EE0092AA12 /* Frameworks */,
				42E0833A2CC866EE0092AA12 /* Resources */,
			);
			buildRules = (
			);
			dependencies = (
			);
			fileSystemSynchronizedGroups = (
				42E0833E2CC866EE0092AA12 /* App10 */,
			);
			name = App10;
			packageProductDependencies = (
				42E083712CC867220092AA12 /* Alamofire */,
			);
			productName = App10;
			productReference = 42E0833C2CC866EE0092AA12 /* App10.app */;
			productType = "com.apple.product-type.application";
		};
		42E083512CC866EF0092AA12 /* App10Tests */ = {
			isa = PBXNativeTarget;
			buildConfigurationList = 42E0836A2CC866EF0092AA12 /* Build configuration list for PBXNativeTarget "App10Tests" */;
			buildPhases = (
				42E0834E2CC866EF0092AA12 /* Sources */,
				42E0834F2CC866EF0092AA12 /* Frameworks */,
				42E083502CC866EF0092AA12 /* Resources */,
			);
			buildRules = (
			);
			dependencies = (
				42E083542CC866EF0092AA12 /* PBXTargetDependency */,
			);
			fileSystemSynchronizedGroups = (
				42E083552CC866EF0092AA12 /* App10Tests */,
			);
			name = App10Tests;
			packageProductDependencies = (
			);
			productName = App10Tests;
			productReference = 42E083522CC866EF0092AA12 /* App10Tests.xctest */;
			productType = "com.apple.product-type.bundle.unit-test";
		};
		42E0835B2CC866EF0092AA12 /* App10UITests */ = {
			isa = PBXNativeTarget;
			buildConfigurationList = 42E0836D2CC866EF0092AA12 /* Build configuration list for PBXNativeTarget "App10UITests" */;
			buildPhases = (
				42E083582CC866EF0092AA12 /* Sources */,
				42E083592CC866EF0092AA12 /* Frameworks */,
				42E0835A2CC866EF0092AA12 /* Resources */,
			);
			buildRules = (
			);
			dependencies = (
				42E0835E2CC866EF0092AA12 /* PBXTargetDependency */,
			);
			fileSystemSynchronizedGroups = (
				42E0835F2CC866EF0092AA12 /* App10UITests */,
			);
			name = App10UITests;
			packageProductDependencies = (
			);
			productName = App10UITests;
			productReference = 42E0835C2CC866EF0092AA12 /* App10UITests.xctest */;
			productType = "com.apple.product-type.bundle.ui-testing";
		};
/* End PBXNativeTarget section */

/* Begin PBXProject section */
		42E083342CC866EE0092AA12 /* Project object */ = {
			isa = PBXProject;
			attributes = {
				BuildIndependentTargetsInParallel = 1;
				LastSwiftUpdateCheck = 1600;
				LastUpgradeCheck = 1600;
				TargetAttributes = {
					42E0833B2CC866EE0092AA12 = {
						CreatedOnToolsVersion = 16.0;
					};
					42E083512CC866EF0092AA12 = {
						CreatedOnToolsVersion = 16.0;
						TestTargetID = 42E0833B2CC866EE0092AA12;
					};
					42E0835B2CC866EF0092AA12 = {
						CreatedOnToolsVersion = 16.0;
						TestTargetID = 42E0833B2CC866EE0092AA12;
					};
				};
			};
			buildConfigurationList = 42E083372CC866EE0092AA12 /* Build configuration list for PBXProject "App10" */;
			developmentRegion = en;
			hasScannedForEncodings = 0;
			knownRegions = (
				en,
				Base,
			);
			mainGroup = 42E083332CC866EE0092AA12;
			minimizedProjectReferenceProxies = 1;
			packageReferences = (
				42E083702CC867220092AA12 /* XCRemoteSwiftPackageReference "Alamofire" */,
			);
			preferredProjectObjectVersion = 77;
			productRefGroup = 42E0833D2CC866EE0092AA12 /* Products */;
			projectDirPath = "";
			projectRoot = "";
			targets = (
				42E0833B2CC866EE0092AA12 /* App10 */,
				42E083512CC866EF0092AA12 /* App10Tests */,
				42E0835B2CC866EF0092AA12 /* App10UITests */,
			);
		};
/* End PBXProject section */

/* Begin PBXResourcesBuildPhase section */
		42E0833A2CC866EE0092AA12 /* Resources */ = {
			isa = PBXResourcesBuildPhase;
			buildActionMask = 2147483647;
			files = (
			);
			runOnlyForDeploymentPostprocessing = 0;
		};
		42E083502CC866EF0092AA12 /* Resources */ = {
			isa = PBXResourcesBuildPhase;
			buildActionMask = 2147483647;
			files = (
			);
			runOnlyForDeploymentPostprocessing = 0;
		};
		42E0835A2CC866EF0092AA12 /* Resources */ = {
			isa = PBXResourcesBuildPhase;
			buildActionMask = 2147483647;
			files = (
			);
			runOnlyForDeploymentPostprocessing = 0;
		};
/* End PBXResourcesBuildPhase section */

/* Begin PBXSourcesBuildPhase section */
		42E083382CC866EE0092AA12 /* Sources */ = {
			isa = PBXSourcesBuildPhase;
			buildActionMask = 2147483647;
			files = (
			);
			runOnlyForDeploymentPostprocessing = 0;
		};
		42E0834E2CC866EF0092AA12 /* Sources */ = {
			isa = PBXSourcesBuildPhase;
			buildActionMask = 2147483647;
			files = (
			);
			runOnlyForDeploymentPostprocessing = 0;
		};
		42E083582CC866EF0092AA12 /* Sources */ = {
			isa = PBXSourcesBuildPhase;
			buildActionMask = 2147483647;
			files = (
			);
			runOnlyForDeploymentPostprocessing = 0;
		};
/* End PBXSourcesBuildPhase section */

/* Begin PBXTargetDependency section */
		42E083542CC866EF0092AA12 /* PBXTargetDependency */ = {
			isa = PBXTargetDependency;
			target = 42E0833B2CC866EE0092AA12 /* App10 */;
			targetProxy = 42E083532CC866EF0092AA12 /* PBXContainerItemProxy */;
		};
		42E0835E2CC866EF0092AA12 /* PBXTargetDependency */ = {
			isa = PBXTargetDependency;
			target = 42E0833B2CC866EE0092AA12 /* App10 */;
			targetProxy = 42E0835D2CC866EF0092AA12 /* PBXContainerItemProxy */;
		};
/* End PBXTargetDependency section */

/* Begin XCBuildConfiguration section */
		42E083662CC866EF0092AA12 /* Debug */ = {
			isa = XCBuildConfiguration;
			buildSettings = {
				ASSETCATALOG_COMPILER_APPICON_NAME = AppIcon;
				ASSETCATALOG_COMPILER_GLOBAL_ACCENT_COLOR_NAME = AccentColor;
				CODE_SIGN_STYLE = Automatic;
				CURRENT_PROJECT_VERSION = 1;
				DEVELOPMENT_TEAM = X3N5JP69PB;
				GENERATE_INFOPLIST_FILE = YES;
				INFOPLIST_FILE = App10/Info.plist;
				INFOPLIST_KEY_UIApplicationSupportsIndirectInputEvents = YES;
				INFOPLIST_KEY_UILaunchStoryboardName = LaunchScreen;
				INFOPLIST_KEY_UIMainStoryboardFile = Main;
				INFOPLIST_KEY_UISupportedInterfaceOrientations_iPad = "UIInterfaceOrientationPortrait UIInterfaceOrientationPortraitUpsideDown UIInterfaceOrientationLandscapeLeft UIInterfaceOrientationLandscapeRight";
				INFOPLIST_KEY_UISupportedInterfaceOrientations_iPhone = "UIInterfaceOrientationPortrait UIInterfaceOrientationLandscapeLeft UIInterfaceOrientationLandscapeRight";
				LD_RUNPATH_SEARCH_PATHS = (
					"$(inherited)",
					"@executable_path/Frameworks",
				);
				MARKETING_VERSION = 1.0;
				PRODUCT_BUNDLE_IDENTIFIER = com.sameerNEUios.App10;
				PRODUCT_NAME = "$(TARGET_NAME)";
				SWIFT_EMIT_LOC_STRINGS = YES;
				SWIFT_VERSION = 5.0;
				TARGETED_DEVICE_FAMILY = "1,2";
			};
			name = Debug;
		};
		42E083672CC866EF0092AA12 /* Release */ = {
			isa = XCBuildConfiguration;
			buildSettings = {
				ASSETCATALOG_COMPILER_APPICON_NAME = AppIcon;
				ASSETCATALOG_COMPILER_GLOBAL_ACCENT_COLOR_NAME = AccentColor;
				CODE_SIGN_STYLE = Automatic;
				CURRENT_PROJECT_VERSION = 1;
				DEVELOPMENT_TEAM = X3N5JP69PB;
				GENERATE_INFOPLIST_FILE = YES;
				INFOPLIST_FILE = App10/Info.plist;
				INFOPLIST_KEY_UIApplicationSupportsIndirectInputEvents = YES;
				INFOPLIST_KEY_UILaunchStoryboardName = LaunchScreen;
				INFOPLIST_KEY_UIMainStoryboardFile = Main;
				INFOPLIST_KEY_UISupportedInterfaceOrientations_iPad = "UIInterfaceOrientationPortrait UIInterfaceOrientationPortraitUpsideDown UIInterfaceOrientationLandscapeLeft UIInterfaceOrientationLandscapeRight";
				INFOPLIST_KEY_UISupportedInterfaceOrientations_iPhone = "UIInterfaceOrientationPortrait UIInterfaceOrientationLandscapeLeft UIInterfaceOrientationLandscapeRight";
				LD_RUNPATH_SEARCH_PATHS = (
					"$(inherited)",
					"@executable_path/Frameworks",
				);
				MARKETING_VERSION = 1.0;
				PRODUCT_BUNDLE_IDENTIFIER = com.sameerNEUios.App10;
				PRODUCT_NAME = "$(TARGET_NAME)";
				SWIFT_EMIT_LOC_STRINGS = YES;
				SWIFT_VERSION = 5.0;
				TARGETED_DEVICE_FAMILY = "1,2";
			};
			name = Release;
		};
		42E083682CC866EF0092AA12 /* Debug */ = {
			isa = XCBuildConfiguration;
			buildSettings = {
				ALWAYS_SEARCH_USER_PATHS = NO;
				ASSETCATALOG_COMPILER_GENERATE_SWIFT_ASSET_SYMBOL_EXTENSIONS = YES;
				CLANG_ANALYZER_NONNULL = YES;
				CLANG_ANALYZER_NUMBER_OBJECT_CONVERSION = YES_AGGRESSIVE;
				CLANG_CXX_LANGUAGE_STANDARD = "gnu++20";
				CLANG_ENABLE_MODULES = YES;
				CLANG_ENABLE_OBJC_ARC = YES;
				CLANG_ENABLE_OBJC_WEAK = YES;
				CLANG_WARN_BLOCK_CAPTURE_AUTORELEASING = YES;
				CLANG_WARN_BOOL_CONVERSION = YES;
				CLANG_WARN_COMMA = YES;
				CLANG_WARN_CONSTANT_CONVERSION = YES;
				CLANG_WARN_DEPRECATED_OBJC_IMPLEMENTATIONS = YES;
				CLANG_WARN_DIRECT_OBJC_ISA_USAGE = YES_ERROR;
				CLANG_WARN_DOCUMENTATION_COMMENTS = YES;
				CLANG_WARN_EMPTY_BODY = YES;
				CLANG_WARN_ENUM_CONVERSION = YES;
				CLANG_WARN_INFINITE_RECURSION = YES;
				CLANG_WARN_INT_CONVERSION = YES;
				CLANG_WARN_NON_LITERAL_NULL_CONVERSION = YES;
				CLANG_WARN_OBJC_IMPLICIT_RETAIN_SELF = YES;
				CLANG_WARN_OBJC_LITERAL_CONVERSION = YES;
				CLANG_WARN_OBJC_ROOT_CLASS = YES_ERROR;
				CLANG_WARN_QUOTED_INCLUDE_IN_FRAMEWORK_HEADER = YES;
				CLANG_WARN_RANGE_LOOP_ANALYSIS = YES;
				CLANG_WARN_STRICT_PROTOTYPES = YES;
				CLANG_WARN_SUSPICIOUS_MOVE = YES;
				CLANG_WARN_UNGUARDED_AVAILABILITY = YES_AGGRESSIVE;
				CLANG_WARN_UNREACHABLE_CODE = YES;
				CLANG_WARN__DUPLICATE_METHOD_MATCH = YES;
				COPY_PHASE_STRIP = NO;
				DEBUG_INFORMATION_FORMAT = dwarf;
				ENABLE_STRICT_OBJC_MSGSEND = YES;
				ENABLE_TESTABILITY = YES;
				ENABLE_USER_SCRIPT_SANDBOXING = YES;
				GCC_C_LANGUAGE_STANDARD = gnu17;
				GCC_DYNAMIC_NO_PIC = NO;
				GCC_NO_COMMON_BLOCKS = YES;
				GCC_OPTIMIZATION_LEVEL = 0;
				GCC_PREPROCESSOR_DEFINITIONS = (
					"DEBUG=1",
					"$(inherited)",
				);
				GCC_WARN_64_TO_32_BIT_CONVERSION = YES;
				GCC_WARN_ABOUT_RETURN_TYPE = YES_ERROR;
				GCC_WARN_UNDECLARED_SELECTOR = YES;
				GCC_WARN_UNINITIALIZED_AUTOS = YES_AGGRESSIVE;
				GCC_WARN_UNUSED_FUNCTION = YES;
				GCC_WARN_UNUSED_VARIABLE = YES;
				IPHONEOS_DEPLOYMENT_TARGET = 18.0;
				LOCALIZATION_PREFERS_STRING_CATALOGS = YES;
				MTL_ENABLE_DEBUG_INFO = INCLUDE_SOURCE;
				MTL_FAST_MATH = YES;
				ONLY_ACTIVE_ARCH = YES;
				SDKROOT = iphoneos;
				SWIFT_ACTIVE_COMPILATION_CONDITIONS = "DEBUG $(inherited)";
				SWIFT_OPTIMIZATION_LEVEL = "-Onone";
			};
			name = Debug;
		};
		42E083692CC866EF0092AA12 /* Release */ = {
			isa = XCBuildConfiguration;
			buildSettings = {
				ALWAYS_SEARCH_USER_PATHS = NO;
				ASSETCATALOG_COMPILER_GENERATE_SWIFT_ASSET_SYMBOL_EXTENSIONS = YES;
				CLANG_ANALYZER_NONNULL = YES;
				CLANG_ANALYZER_NUMBER_OBJECT_CONVERSION = YES_AGGRESSIVE;
				CLANG_CXX_LANGUAGE_STANDARD = "gnu++20";
				CLANG_ENABLE_MODULES = YES;
				CLANG_ENABLE_OBJC_ARC = YES;
				CLANG_ENABLE_OBJC_WEAK = YES;
				CLANG_WARN_BLOCK_CAPTURE_AUTORELEASING = YES;
				CLANG_WARN_BOOL_CONVERSION = YES;
				CLANG_WARN_COMMA = YES;
				CLANG_WARN_CONSTANT_CONVERSION = YES;
				CLANG_WARN_DEPRECATED_OBJC_IMPLEMENTATIONS = YES;
				CLANG_WARN_DIRECT_OBJC_ISA_USAGE = YES_ERROR;
				CLANG_WARN_DOCUMENTATION_COMMENTS = YES;
				CLANG_WARN_EMPTY_BODY = YES;
				CLANG_WARN_ENUM_CONVERSION = YES;
				CLANG_WARN_INFINITE_RECURSION = YES;
				CLANG_WARN_INT_CONVERSION = YES;
				CLANG_WARN_NON_LITERAL_NULL_CONVERSION = YES;
				CLANG_WARN_OBJC_IMPLICIT_RETAIN_SELF = YES;
				CLANG_WARN_OBJC_LITERAL_CONVERSION = YES;
				CLANG_WARN_OBJC_ROOT_CLASS = YES_ERROR;
				CLANG_WARN_QUOTED_INCLUDE_IN_FRAMEWORK_HEADER = YES;
				CLANG_WARN_RANGE_LOOP_ANALYSIS = YES;
				CLANG_WARN_STRICT_PROTOTYPES = YES;
				CLANG_WARN_SUSPICIOUS_MOVE = YES;
				CLANG_WARN_UNGUARDED_AVAILABILITY = YES_AGGRESSIVE;
				CLANG_WARN_UNREACHABLE_CODE = YES;
				CLANG_WARN__DUPLICATE_METHOD_MATCH = YES;
				COPY_PHASE_STRIP = NO;
				DEBUG_INFORMATION_FORMAT = "dwarf-with-dsym";
				ENABLE_NS_ASSERTIONS = NO;
				ENABLE_STRICT_OBJC_MSGSEND = YES;
				ENABLE_USER_SCRIPT_SANDBOXING = YES;
				GCC_C_LANGUAGE_STANDARD = gnu17;
				GCC_NO_COMMON_BLOCKS = YES;
				GCC_WARN_64_TO_32_BIT_CONVERSION = YES;
				GCC_WARN_ABOUT_RETURN_TYPE = YES_ERROR;
				GCC_WARN_UNDECLARED_SELECTOR = YES;
				GCC_WARN_UNINITIALIZED_AUTOS = YES_AGGRESSIVE;
				GCC_WARN_UNUSED_FUNCTION = YES;
				GCC_WARN_UNUSED_VARIABLE = YES;
				IPHONEOS_DEPLOYMENT_TARGET = 18.0;
				LOCALIZATION_PREFERS_STRING_CATALOGS = YES;
				MTL_ENABLE_DEBUG_INFO = NO;
				MTL_FAST_MATH = YES;
				SDKROOT = iphoneos;
				SWIFT_COMPILATION_MODE = wholemodule;
				VALIDATE_PRODUCT = YES;
			};
			name = Release;
		};
		42E0836B2CC866EF0092AA12 /* Debug */ = {
			isa = XCBuildConfiguration;
			buildSettings = {
				BUNDLE_LOADER = "$(TEST_HOST)";
				CODE_SIGN_STYLE = Automatic;
				CURRENT_PROJECT_VERSION = 1;
				DEVELOPMENT_TEAM = X3N5JP69PB;
				GENERATE_INFOPLIST_FILE = YES;
				IPHONEOS_DEPLOYMENT_TARGET = 18.0;
				MARKETING_VERSION = 1.0;
				PRODUCT_BUNDLE_IDENTIFIER = com.sameerNEUios.App10Tests;
				PRODUCT_NAME = "$(TARGET_NAME)";
				SWIFT_EMIT_LOC_STRINGS = NO;
				SWIFT_VERSION = 5.0;
				TARGETED_DEVICE_FAMILY = "1,2";
				TEST_HOST = "$(BUILT_PRODUCTS_DIR)/App10.app/$(BUNDLE_EXECUTABLE_FOLDER_PATH)/App10";
			};
			name = Debug;
		};
		42E0836C2CC866EF0092AA12 /* Release */ = {
			isa = XCBuildConfiguration;
			buildSettings = {
				BUNDLE_LOADER = "$(TEST_HOST)";
				CODE_SIGN_STYLE = Automatic;
				CURRENT_PROJECT_VERSION = 1;
				DEVELOPMENT_TEAM = X3N5JP69PB;
				GENERATE_INFOPLIST_FILE = YES;
				IPHONEOS_DEPLOYMENT_TARGET = 18.0;
				MARKETING_VERSION = 1.0;
				PRODUCT_BUNDLE_IDENTIFIER = com.sameerNEUios.App10Tests;
				PRODUCT_NAME = "$(TARGET_NAME)";
				SWIFT_EMIT_LOC_STRINGS = NO;
				SWIFT_VERSION = 5.0;
				TARGETED_DEVICE_FAMILY = "1,2";
				TEST_HOST = "$(BUILT_PRODUCTS_DIR)/App10.app/$(BUNDLE_EXECUTABLE_FOLDER_PATH)/App10";
			};
			name = Release;
		};
		42E0836E2CC866EF0092AA12 /* Debug */ = {
			isa = XCBuildConfiguration;
			buildSettings = {
				CODE_SIGN_STYLE = Automatic;
				CURRENT_PROJECT_VERSION = 1;
				DEVELOPMENT_TEAM = X3N5JP69PB;
				GENERATE_INFOPLIST_FILE = YES;
				MARKETING_VERSION = 1.0;
				PRODUCT_BUNDLE_IDENTIFIER = com.sameerNEUios.App10UITests;
				PRODUCT_NAME = "$(TARGET_NAME)";
				SWIFT_EMIT_LOC_STRINGS = NO;
				SWIFT_VERSION = 5.0;
				TARGETED_DEVICE_FAMILY = "1,2";
				TEST_TARGET_NAME = App10;
			};
			name = Debug;
		};
		42E0836F2CC866EF0092AA12 /* Release */ = {
			isa = XCBuildConfiguration;
			buildSettings = {
				CODE_SIGN_STYLE = Automatic;
				CURRENT_PROJECT_VERSION = 1;
				DEVELOPMENT_TEAM = X3N5JP69PB;
				GENERATE_INFOPLIST_FILE = YES;
				MARKETING_VERSION = 1.0;
				PRODUCT_BUNDLE_IDENTIFIER = com.sameerNEUios.App10UITests;
				PRODUCT_NAME = "$(TARGET_NAME)";
				SWIFT_EMIT_LOC_STRINGS = NO;
				SWIFT_VERSION = 5.0;
				TARGETED_DEVICE_FAMILY = "1,2";
				TEST_TARGET_NAME = App10;
			};
			name = Release;
		};
/* End XCBuildConfiguration section */

/* Begin XCConfigurationList section */
		42E083372CC866EE0092AA12 /* Build configuration list for PBXProject "App10" */ = {
			isa = XCConfigurationList;
			buildConfigurations = (
				42E083682CC866EF0092AA12 /* Debug */,
				42E083692CC866EF0092AA12 /* Release */,
			);
			defaultConfigurationIsVisible = 0;
			defaultConfigurationName = Release;
		};
		42E083652CC866EF0092AA12 /* Build configuration list for PBXNativeTarget "App10" */ = {
			isa = XCConfigurationList;
			buildConfigurations = (
				42E083662CC866EF0092AA12 /* Debug */,
				42E083672CC866EF0092AA12 /* Release */,
			);
			defaultConfigurationIsVisible = 0;
			defaultConfigurationName = Release;
		};
		42E0836A2CC866EF0092AA12 /* Build configuration list for PBXNativeTarget "App10Tests" */ = {
			isa = XCConfigurationList;
			buildConfigurations = (
				42E0836B2CC866EF0092AA12 /* Debug */,
				42E0836C2CC866EF0092AA12 /* Release */,
			);
			defaultConfigurationIsVisible = 0;
			defaultConfigurationName = Release;
		};
		42E0836D2CC866EF0092AA12 /* Build configuration list for PBXNativeTarget "App10UITests" */ = {
			isa = XCConfigurationList;
			buildConfigurations = (
				42E0836E2CC866EF0092AA12 /* Debug */,
				42E0836F2CC866EF0092AA12 /* Release */,
			);
			defaultConfigurationIsVisible = 0;
			defaultConfigurationName = Release;
		};
/* End XCConfigurationList section */

/* Begin XCRemoteSwiftPackageReference section */
		42E083702CC867220092AA12 /* XCRemoteSwiftPackageReference "Alamofire" */ = {
			isa = XCRemoteSwiftPackageReference;
			repositoryURL = "https://github.com/Alamofire/Alamofire.git";
			requirement = {
				kind = upToNextMajorVersion;
				minimumVersion = 5.10.1;
			};
		};
/* End XCRemoteSwiftPackageReference section */

/* Begin XCSwiftPackageProductDependency section */
		42E083712CC867220092AA12 /* Alamofire */ = {
			isa = XCSwiftPackageProductDependency;
			package = 42E083702CC867220092AA12 /* XCRemoteSwiftPackageReference "Alamofire" */;
			productName = Alamofire;
		};
/* End XCSwiftPackageProductDependency section */
	};
	rootObject = 42E083342CC866EE0092AA12 /* Project object */;
}
