// !$*UTF8*$!
{
	archiveVersion = 1;
	classes = {
	};
	objectVersion = 77;
	objects = {

/* Begin PBXBuildFile section */
		42BFACFD2CE6ED9800845177 /* FirebaseAuth in Frameworks */ = {isa = PBXBuildFile; productRef = 42BFACFC2CE6ED9800845177 /* FirebaseAuth */; };
		42BFACFF2CE6ED9800845177 /* FirebaseFirestore in Frameworks */ = {isa = PBXBuildFile; productRef = 42BFACFE2CE6ED9800845177 /* FirebaseFirestore */; };
		42BFAD012CE6ED9800845177 /* FirebaseStorage in Frameworks */ = {isa = PBXBuildFile; productRef = 42BFAD002CE6ED9800845177 /* FirebaseStorage */; };
/* End PBXBuildFile section */

/* Begin PBXContainerItemProxy section */
		42BFACDC2CE6EBD900845177 /* PBXContainerItemProxy */ = {
			isa = PBXContainerItemProxy;
			containerPortal = 42BFACBD2CE6EBD700845177 /* Project object */;
			proxyType = 1;
			remoteGlobalIDString = 42BFACC42CE6EBD700845177;
			remoteInfo = App12;
		};
		42BFACE62CE6EBD900845177 /* PBXContainerItemProxy */ = {
			isa = PBXContainerItemProxy;
			containerPortal = 42BFACBD2CE6EBD700845177 /* Project object */;
			proxyType = 1;
			remoteGlobalIDString = 42BFACC42CE6EBD700845177;
			remoteInfo = App12;
		};
/* End PBXContainerItemProxy section */

/* Begin PBXFileReference section */
		42BFACC52CE6EBD700845177 /* App12.app */ = {isa = PBXFileReference; explicitFileType = wrapper.application; includeInIndex = 0; path = App12.app; sourceTree = BUILT_PRODUCTS_DIR; };
		42BFACDB2CE6EBD900845177 /* App12Tests.xctest */ = {isa = PBXFileReference; explicitFileType = wrapper.cfbundle; includeInIndex = 0; path = App12Tests.xctest; sourceTree = BUILT_PRODUCTS_DIR; };
		42BFACE52CE6EBD900845177 /* App12UITests.xctest */ = {isa = PBXFileReference; explicitFileType = wrapper.cfbundle; includeInIndex = 0; path = App12UITests.xctest; sourceTree = BUILT_PRODUCTS_DIR; };
/* End PBXFileReference section */

/* Begin PBXFileSystemSynchronizedBuildFileExceptionSet section */
		42BFACED2CE6EBD900845177 /* Exceptions for "App12" folder in "App12" target */ = {
			isa = PBXFileSystemSynchronizedBuildFileExceptionSet;
			membershipExceptions = (
				Info.plist,
			);
			target = 42BFACC42CE6EBD700845177 /* App12 */;
		};
/* End PBXFileSystemSynchronizedBuildFileExceptionSet section */

/* Begin PBXFileSystemSynchronizedRootGroup section */
		42BFACC72CE6EBD700845177 /* App12 */ = {
			isa = PBXFileSystemSynchronizedRootGroup;
			exceptions = (
				42BFACED2CE6EBD900845177 /* Exceptions for "App12" folder in "App12" target */,
			);
			path = App12;
			sourceTree = "<group>";
		};
		42BFACDE2CE6EBD900845177 /* App12Tests */ = {
			isa = PBXFileSystemSynchronizedRootGroup;
			path = App12Tests;
			sourceTree = "<group>";
		};
		42BFACE82CE6EBD900845177 /* App12UITests */ = {
			isa = PBXFileSystemSynchronizedRootGroup;
			path = App12UITests;
			sourceTree = "<group>";
		};
/* End PBXFileSystemSynchronizedRootGroup section */

/* Begin PBXFrameworksBuildPhase section */
		42BFACC22CE6EBD700845177 /* Frameworks */ = {
			isa = PBXFrameworksBuildPhase;
			buildActionMask = 2147483647;
			files = (
				42BFACFD2CE6ED9800845177 /* FirebaseAuth in Frameworks */,
				42BFACFF2CE6ED9800845177 /* FirebaseFirestore in Frameworks */,
				42BFAD012CE6ED9800845177 /* FirebaseStorage in Frameworks */,
			);
			runOnlyForDeploymentPostprocessing = 0;
		};
		42BFACD82CE6EBD900845177 /* Frameworks */ = {
			isa = PBXFrameworksBuildPhase;
			buildActionMask = 2147483647;
			files = (
			);
			runOnlyForDeploymentPostprocessing = 0;
		};
		42BFACE22CE6EBD900845177 /* Frameworks */ = {
			isa = PBXFrameworksBuildPhase;
			buildActionMask = 2147483647;
			files = (
			);
			runOnlyForDeploymentPostprocessing = 0;
		};
/* End PBXFrameworksBuildPhase section */

/* Begin PBXGroup section */
		42BFACBC2CE6EBD700845177 = {
			isa = PBXGroup;
			children = (
				42BFACC72CE6EBD700845177 /* App12 */,
				42BFACDE2CE6EBD900845177 /* App12Tests */,
				42BFACE82CE6EBD900845177 /* App12UITests */,
				42BFACC62CE6EBD700845177 /* Products */,
			);
			sourceTree = "<group>";
		};
		42BFACC62CE6EBD700845177 /* Products */ = {
			isa = PBXGroup;
			children = (
				42BFACC52CE6EBD700845177 /* App12.app */,
				42BFACDB2CE6EBD900845177 /* App12Tests.xctest */,
				42BFACE52CE6EBD900845177 /* App12UITests.xctest */,
			);
			name = Products;
			sourceTree = "<group>";
		};
/* End PBXGroup section */

/* Begin PBXNativeTarget section */
		42BFACC42CE6EBD700845177 /* App12 */ = {
			isa = PBXNativeTarget;
			buildConfigurationList = 42BFACEE2CE6EBD900845177 /* Build configuration list for PBXNativeTarget "App12" */;
			buildPhases = (
				42BFACC12CE6EBD700845177 /* Sources */,
				42BFACC22CE6EBD700845177 /* Frameworks */,
				42BFACC32CE6EBD700845177 /* Resources */,
			);
			buildRules = (
			);
			dependencies = (
			);
			fileSystemSynchronizedGroups = (
				42BFACC72CE6EBD700845177 /* App12 */,
			);
			name = App12;
			packageProductDependencies = (
				42BFACFC2CE6ED9800845177 /* FirebaseAuth */,
				42BFACFE2CE6ED9800845177 /* FirebaseFirestore */,
				42BFAD002CE6ED9800845177 /* FirebaseStorage */,
			);
			productName = App12;
			productReference = 42BFACC52CE6EBD700845177 /* App12.app */;
			productType = "com.apple.product-type.application";
		};
		42BFACDA2CE6EBD900845177 /* App12Tests */ = {
			isa = PBXNativeTarget;
			buildConfigurationList = 42BFACF32CE6EBD900845177 /* Build configuration list for PBXNativeTarget "App12Tests" */;
			buildPhases = (
				42BFACD72CE6EBD900845177 /* Sources */,
				42BFACD82CE6EBD900845177 /* Frameworks */,
				42BFACD92CE6EBD900845177 /* Resources */,
			);
			buildRules = (
			);
			dependencies = (
				42BFACDD2CE6EBD900845177 /* PBXTargetDependency */,
			);
			fileSystemSynchronizedGroups = (
				42BFACDE2CE6EBD900845177 /* App12Tests */,
			);
			name = App12Tests;
			packageProductDependencies = (
			);
			productName = App12Tests;
			productReference = 42BFACDB2CE6EBD900845177 /* App12Tests.xctest */;
			productType = "com.apple.product-type.bundle.unit-test";
		};
		42BFACE42CE6EBD900845177 /* App12UITests */ = {
			isa = PBXNativeTarget;
			buildConfigurationList = 42BFACF62CE6EBD900845177 /* Build configuration list for PBXNativeTarget "App12UITests" */;
			buildPhases = (
				42BFACE12CE6EBD900845177 /* Sources */,
				42BFACE22CE6EBD900845177 /* Frameworks */,
				42BFACE32CE6EBD900845177 /* Resources */,
			);
			buildRules = (
			);
			dependencies = (
				42BFACE72CE6EBD900845177 /* PBXTargetDependency */,
			);
			fileSystemSynchronizedGroups = (
				42BFACE82CE6EBD900845177 /* App12UITests */,
			);
			name = App12UITests;
			packageProductDependencies = (
			);
			productName = App12UITests;
			productReference = 42BFACE52CE6EBD900845177 /* App12UITests.xctest */;
			productType = "com.apple.product-type.bundle.ui-testing";
		};
/* End PBXNativeTarget section */

/* Begin PBXProject section */
		42BFACBD2CE6EBD700845177 /* Project object */ = {
			isa = PBXProject;
			attributes = {
				BuildIndependentTargetsInParallel = 1;
				LastSwiftUpdateCheck = 1610;
				LastUpgradeCheck = 1610;
				TargetAttributes = {
					42BFACC42CE6EBD700845177 = {
						CreatedOnToolsVersion = 16.1;
					};
					42BFACDA2CE6EBD900845177 = {
						CreatedOnToolsVersion = 16.1;
						TestTargetID = 42BFACC42CE6EBD700845177;
					};
					42BFACE42CE6EBD900845177 = {
						CreatedOnToolsVersion = 16.1;
						TestTargetID = 42BFACC42CE6EBD700845177;
					};
				};
			};
			buildConfigurationList = 42BFACC02CE6EBD700845177 /* Build configuration list for PBXProject "App12" */;
			developmentRegion = en;
			hasScannedForEncodings = 0;
			knownRegions = (
				en,
				Base,
			);
			mainGroup = 42BFACBC2CE6EBD700845177;
			minimizedProjectReferenceProxies = 1;
			packageReferences = (
				42BFACFB2CE6ED9800845177 /* XCRemoteSwiftPackageReference "firebase-ios-sdk" */,
			);
			preferredProjectObjectVersion = 77;
			productRefGroup = 42BFACC62CE6EBD700845177 /* Products */;
			projectDirPath = "";
			projectRoot = "";
			targets = (
				42BFACC42CE6EBD700845177 /* App12 */,
				42BFACDA2CE6EBD900845177 /* App12Tests */,
				42BFACE42CE6EBD900845177 /* App12UITests */,
			);
		};
/* End PBXProject section */

/* Begin PBXResourcesBuildPhase section */
		42BFACC32CE6EBD700845177 /* Resources */ = {
			isa = PBXResourcesBuildPhase;
			buildActionMask = 2147483647;
			files = (
			);
			runOnlyForDeploymentPostprocessing = 0;
		};
		42BFACD92CE6EBD900845177 /* Resources */ = {
			isa = PBXResourcesBuildPhase;
			buildActionMask = 2147483647;
			files = (
			);
			runOnlyForDeploymentPostprocessing = 0;
		};
		42BFACE32CE6EBD900845177 /* Resources */ = {
			isa = PBXResourcesBuildPhase;
			buildActionMask = 2147483647;
			files = (
			);
			runOnlyForDeploymentPostprocessing = 0;
		};
/* End PBXResourcesBuildPhase section */

/* Begin PBXSourcesBuildPhase section */
		42BFACC12CE6EBD700845177 /* Sources */ = {
			isa = PBXSourcesBuildPhase;
			buildActionMask = 2147483647;
			files = (
			);
			runOnlyForDeploymentPostprocessing = 0;
		};
		42BFACD72CE6EBD900845177 /* Sources */ = {
			isa = PBXSourcesBuildPhase;
			buildActionMask = 2147483647;
			files = (
			);
			runOnlyForDeploymentPostprocessing = 0;
		};
		42BFACE12CE6EBD900845177 /* Sources */ = {
			isa = PBXSourcesBuildPhase;
			buildActionMask = 2147483647;
			files = (
			);
			runOnlyForDeploymentPostprocessing = 0;
		};
/* End PBXSourcesBuildPhase section */

/* Begin PBXTargetDependency section */
		42BFACDD2CE6EBD900845177 /* PBXTargetDependency */ = {
			isa = PBXTargetDependency;
			target = 42BFACC42CE6EBD700845177 /* App12 */;
			targetProxy = 42BFACDC2CE6EBD900845177 /* PBXContainerItemProxy */;
		};
		42BFACE72CE6EBD900845177 /* PBXTargetDependency */ = {
			isa = PBXTargetDependency;
			target = 42BFACC42CE6EBD700845177 /* App12 */;
			targetProxy = 42BFACE62CE6EBD900845177 /* PBXContainerItemProxy */;
		};
/* End PBXTargetDependency section */

/* Begin XCBuildConfiguration section */
		42BFACEF2CE6EBD900845177 /* Debug */ = {
			isa = XCBuildConfiguration;
			buildSettings = {
				ASSETCATALOG_COMPILER_APPICON_NAME = AppIcon;
				ASSETCATALOG_COMPILER_GLOBAL_ACCENT_COLOR_NAME = AccentColor;
				CODE_SIGN_STYLE = Automatic;
				CURRENT_PROJECT_VERSION = 1;
				DEVELOPMENT_TEAM = X3N5JP69PB;
				GENERATE_INFOPLIST_FILE = YES;
				INFOPLIST_FILE = App12/Info.plist;
				INFOPLIST_KEY_UIApplicationSupportsIndirectInputEvents = YES;
				INFOPLIST_KEY_UILaunchStoryboardName = LaunchScreen;
				INFOPLIST_KEY_UIMainStoryboardFile = Main;
				INFOPLIST_KEY_UISupportedInterfaceOrientations_iPad = "UIInterfaceOrientationPortrait UIInterfaceOrientationPortraitUpsideDown UIInterfaceOrientationLandscapeLeft UIInterfaceOrientationLandscapeRight";
				INFOPLIST_KEY_UISupportedInterfaceOrientations_iPhone = "UIInterfaceOrientationPortrait UIInterfaceOrientationLandscapeLeft UIInterfaceOrientationLandscapeRight";
				LD_RUNPATH_SEARCH_PATHS = (
					"$(inherited)",
					"@executable_path/Frameworks",
				);
				MARKETING_VERSION = 1.0;
				PRODUCT_BUNDLE_IDENTIFIER = com.sameerNEUios.App12;
				PRODUCT_NAME = "$(TARGET_NAME)";
				SWIFT_EMIT_LOC_STRINGS = YES;
				SWIFT_VERSION = 5.0;
				TARGETED_DEVICE_FAMILY = "1,2";
			};
			name = Debug;
		};
		42BFACF02CE6EBD900845177 /* Release */ = {
			isa = XCBuildConfiguration;
			buildSettings = {
				ASSETCATALOG_COMPILER_APPICON_NAME = AppIcon;
				ASSETCATALOG_COMPILER_GLOBAL_ACCENT_COLOR_NAME = AccentColor;
				CODE_SIGN_STYLE = Automatic;
				CURRENT_PROJECT_VERSION = 1;
				DEVELOPMENT_TEAM = X3N5JP69PB;
				GENERATE_INFOPLIST_FILE = YES;
				INFOPLIST_FILE = App12/Info.plist;
				INFOPLIST_KEY_UIApplicationSupportsIndirectInputEvents = YES;
				INFOPLIST_KEY_UILaunchStoryboardName = LaunchScreen;
				INFOPLIST_KEY_UIMainStoryboardFile = Main;
				INFOPLIST_KEY_UISupportedInterfaceOrientations_iPad = "UIInterfaceOrientationPortrait UIInterfaceOrientationPortraitUpsideDown UIInterfaceOrientationLandscapeLeft UIInterfaceOrientationLandscapeRight";
				INFOPLIST_KEY_UISupportedInterfaceOrientations_iPhone = "UIInterfaceOrientationPortrait UIInterfaceOrientationLandscapeLeft UIInterfaceOrientationLandscapeRight";
				LD_RUNPATH_SEARCH_PATHS = (
					"$(inherited)",
					"@executable_path/Frameworks",
				);
				MARKETING_VERSION = 1.0;
				PRODUCT_BUNDLE_IDENTIFIER = com.sameerNEUios.App12;
				PRODUCT_NAME = "$(TARGET_NAME)";
				SWIFT_EMIT_LOC_STRINGS = YES;
				SWIFT_VERSION = 5.0;
				TARGETED_DEVICE_FAMILY = "1,2";
			};
			name = Release;
		};
		42BFACF12CE6EBD900845177 /* Debug */ = {
			isa = XCBuildConfiguration;
			buildSettings = {
				ALWAYS_SEARCH_USER_PATHS = NO;
				ASSETCATALOG_COMPILER_GENERATE_SWIFT_ASSET_SYMBOL_EXTENSIONS = YES;
				CLANG_ANALYZER_NONNULL = YES;
				CLANG_ANALYZER_NUMBER_OBJECT_CONVERSION = YES_AGGRESSIVE;
				CLANG_CXX_LANGUAGE_STANDARD = "gnu++20";
				CLANG_ENABLE_MODULES = YES;
				CLANG_ENABLE_OBJC_ARC = YES;
				CLANG_ENABLE_OBJC_WEAK = YES;
				CLANG_WARN_BLOCK_CAPTURE_AUTORELEASING = YES;
				CLANG_WARN_BOOL_CONVERSION = YES;
				CLANG_WARN_COMMA = YES;
				CLANG_WARN_CONSTANT_CONVERSION = YES;
				CLANG_WARN_DEPRECATED_OBJC_IMPLEMENTATIONS = YES;
				CLANG_WARN_DIRECT_OBJC_ISA_USAGE = YES_ERROR;
				CLANG_WARN_DOCUMENTATION_COMMENTS = YES;
				CLANG_WARN_EMPTY_BODY = YES;
				CLANG_WARN_ENUM_CONVERSION = YES;
				CLANG_WARN_INFINITE_RECURSION = YES;
				CLANG_WARN_INT_CONVERSION = YES;
				CLANG_WARN_NON_LITERAL_NULL_CONVERSION = YES;
				CLANG_WARN_OBJC_IMPLICIT_RETAIN_SELF = YES;
				CLANG_WARN_OBJC_LITERAL_CONVERSION = YES;
				CLANG_WARN_OBJC_ROOT_CLASS = YES_ERROR;
				CLANG_WARN_QUOTED_INCLUDE_IN_FRAMEWORK_HEADER = YES;
				CLANG_WARN_RANGE_LOOP_ANALYSIS = YES;
				CLANG_WARN_STRICT_PROTOTYPES = YES;
				CLANG_WARN_SUSPICIOUS_MOVE = YES;
				CLANG_WARN_UNGUARDED_AVAILABILITY = YES_AGGRESSIVE;
				CLANG_WARN_UNREACHABLE_CODE = YES;
				CLANG_WARN__DUPLICATE_METHOD_MATCH = YES;
				COPY_PHASE_STRIP = NO;
				DEBUG_INFORMATION_FORMAT = dwarf;
				ENABLE_STRICT_OBJC_MSGSEND = YES;
				ENABLE_TESTABILITY = YES;
				ENABLE_USER_SCRIPT_SANDBOXING = YES;
				GCC_C_LANGUAGE_STANDARD = gnu17;
				GCC_DYNAMIC_NO_PIC = NO;
				GCC_NO_COMMON_BLOCKS = YES;
				GCC_OPTIMIZATION_LEVEL = 0;
				GCC_PREPROCESSOR_DEFINITIONS = (
					"DEBUG=1",
					"$(inherited)",
				);
				GCC_WARN_64_TO_32_BIT_CONVERSION = YES;
				GCC_WARN_ABOUT_RETURN_TYPE = YES_ERROR;
				GCC_WARN_UNDECLARED_SELECTOR = YES;
				GCC_WARN_UNINITIALIZED_AUTOS = YES_AGGRESSIVE;
				GCC_WARN_UNUSED_FUNCTION = YES;
				GCC_WARN_UNUSED_VARIABLE = YES;
				IPHONEOS_DEPLOYMENT_TARGET = 18.1;
				LOCALIZATION_PREFERS_STRING_CATALOGS = YES;
				MTL_ENABLE_DEBUG_INFO = INCLUDE_SOURCE;
				MTL_FAST_MATH = YES;
				ONLY_ACTIVE_ARCH = YES;
				SDKROOT = iphoneos;
				SWIFT_ACTIVE_COMPILATION_CONDITIONS = "DEBUG $(inherited)";
				SWIFT_OPTIMIZATION_LEVEL = "-Onone";
			};
			name = Debug;
		};
		42BFACF22CE6EBD900845177 /* Release */ = {
			isa = XCBuildConfiguration;
			buildSettings = {
				ALWAYS_SEARCH_USER_PATHS = NO;
				ASSETCATALOG_COMPILER_GENERATE_SWIFT_ASSET_SYMBOL_EXTENSIONS = YES;
				CLANG_ANALYZER_NONNULL = YES;
				CLANG_ANALYZER_NUMBER_OBJECT_CONVERSION = YES_AGGRESSIVE;
				CLANG_CXX_LANGUAGE_STANDARD = "gnu++20";
				CLANG_ENABLE_MODULES = YES;
				CLANG_ENABLE_OBJC_ARC = YES;
				CLANG_ENABLE_OBJC_WEAK = YES;
				CLANG_WARN_BLOCK_CAPTURE_AUTORELEASING = YES;
				CLANG_WARN_BOOL_CONVERSION = YES;
				CLANG_WARN_COMMA = YES;
				CLANG_WARN_CONSTANT_CONVERSION = YES;
				CLANG_WARN_DEPRECATED_OBJC_IMPLEMENTATIONS = YES;
				CLANG_WARN_DIRECT_OBJC_ISA_USAGE = YES_ERROR;
				CLANG_WARN_DOCUMENTATION_COMMENTS = YES;
				CLANG_WARN_EMPTY_BODY = YES;
				CLANG_WARN_ENUM_CONVERSION = YES;
				CLANG_WARN_INFINITE_RECURSION = YES;
				CLANG_WARN_INT_CONVERSION = YES;
				CLANG_WARN_NON_LITERAL_NULL_CONVERSION = YES;
				CLANG_WARN_OBJC_IMPLICIT_RETAIN_SELF = YES;
				CLANG_WARN_OBJC_LITERAL_CONVERSION = YES;
				CLANG_WARN_OBJC_ROOT_CLASS = YES_ERROR;
				CLANG_WARN_QUOTED_INCLUDE_IN_FRAMEWORK_HEADER = YES;
				CLANG_WARN_RANGE_LOOP_ANALYSIS = YES;
				CLANG_WARN_STRICT_PROTOTYPES = YES;
				CLANG_WARN_SUSPICIOUS_MOVE = YES;
				CLANG_WARN_UNGUARDED_AVAILABILITY = YES_AGGRESSIVE;
				CLANG_WARN_UNREACHABLE_CODE = YES;
				CLANG_WARN__DUPLICATE_METHOD_MATCH = YES;
				COPY_PHASE_STRIP = NO;
				DEBUG_INFORMATION_FORMAT = "dwarf-with-dsym";
				ENABLE_NS_ASSERTIONS = NO;
				ENABLE_STRICT_OBJC_MSGSEND = YES;
				ENABLE_USER_SCRIPT_SANDBOXING = YES;
				GCC_C_LANGUAGE_STANDARD = gnu17;
				GCC_NO_COMMON_BLOCKS = YES;
				GCC_WARN_64_TO_32_BIT_CONVERSION = YES;
				GCC_WARN_ABOUT_RETURN_TYPE = YES_ERROR;
				GCC_WARN_UNDECLARED_SELECTOR = YES;
				GCC_WARN_UNINITIALIZED_AUTOS = YES_AGGRESSIVE;
				GCC_WARN_UNUSED_FUNCTION = YES;
				GCC_WARN_UNUSED_VARIABLE = YES;
				IPHONEOS_DEPLOYMENT_TARGET = 18.1;
				LOCALIZATION_PREFERS_STRING_CATALOGS = YES;
				MTL_ENABLE_DEBUG_INFO = NO;
				MTL_FAST_MATH = YES;
				SDKROOT = iphoneos;
				SWIFT_COMPILATION_MODE = wholemodule;
				VALIDATE_PRODUCT = YES;
			};
			name = Release;
		};
		42BFACF42CE6EBD900845177 /* Debug */ = {
			isa = XCBuildConfiguration;
			buildSettings = {
				BUNDLE_LOADER = "$(TEST_HOST)";
				CODE_SIGN_STYLE = Automatic;
				CURRENT_PROJECT_VERSION = 1;
				DEVELOPMENT_TEAM = X3N5JP69PB;
				GENERATE_INFOPLIST_FILE = YES;
				IPHONEOS_DEPLOYMENT_TARGET = 18.1;
				MARKETING_VERSION = 1.0;
				PRODUCT_BUNDLE_IDENTIFIER = com.sameerNEUios.App12Tests;
				PRODUCT_NAME = "$(TARGET_NAME)";
				SWIFT_EMIT_LOC_STRINGS = NO;
				SWIFT_VERSION = 5.0;
				TARGETED_DEVICE_FAMILY = "1,2";
				TEST_HOST = "$(BUILT_PRODUCTS_DIR)/App12.app/$(BUNDLE_EXECUTABLE_FOLDER_PATH)/App12";
			};
			name = Debug;
		};
		42BFACF52CE6EBD900845177 /* Release */ = {
			isa = XCBuildConfiguration;
			buildSettings = {
				BUNDLE_LOADER = "$(TEST_HOST)";
				CODE_SIGN_STYLE = Automatic;
				CURRENT_PROJECT_VERSION = 1;
				DEVELOPMENT_TEAM = X3N5JP69PB;
				GENERATE_INFOPLIST_FILE = YES;
				IPHONEOS_DEPLOYMENT_TARGET = 18.1;
				MARKETING_VERSION = 1.0;
				PRODUCT_BUNDLE_IDENTIFIER = com.sameerNEUios.App12Tests;
				PRODUCT_NAME = "$(TARGET_NAME)";
				SWIFT_EMIT_LOC_STRINGS = NO;
				SWIFT_VERSION = 5.0;
				TARGETED_DEVICE_FAMILY = "1,2";
				TEST_HOST = "$(BUILT_PRODUCTS_DIR)/App12.app/$(BUNDLE_EXECUTABLE_FOLDER_PATH)/App12";
			};
			name = Release;
		};
		42BFACF72CE6EBD900845177 /* Debug */ = {
			isa = XCBuildConfiguration;
			buildSettings = {
				CODE_SIGN_STYLE = Automatic;
				CURRENT_PROJECT_VERSION = 1;
				DEVELOPMENT_TEAM = X3N5JP69PB;
				GENERATE_INFOPLIST_FILE = YES;
				MARKETING_VERSION = 1.0;
				PRODUCT_BUNDLE_IDENTIFIER = com.sameerNEUios.App12UITests;
				PRODUCT_NAME = "$(TARGET_NAME)";
				SWIFT_EMIT_LOC_STRINGS = NO;
				SWIFT_VERSION = 5.0;
				TARGETED_DEVICE_FAMILY = "1,2";
				TEST_TARGET_NAME = App12;
			};
			name = Debug;
		};
		42BFACF82CE6EBD900845177 /* Release */ = {
			isa = XCBuildConfiguration;
			buildSettings = {
				CODE_SIGN_STYLE = Automatic;
				CURRENT_PROJECT_VERSION = 1;
				DEVELOPMENT_TEAM = X3N5JP69PB;
				GENERATE_INFOPLIST_FILE = YES;
				MARKETING_VERSION = 1.0;
				PRODUCT_BUNDLE_IDENTIFIER = com.sameerNEUios.App12UITests;
				PRODUCT_NAME = "$(TARGET_NAME)";
				SWIFT_EMIT_LOC_STRINGS = NO;
				SWIFT_VERSION = 5.0;
				TARGETED_DEVICE_FAMILY = "1,2";
				TEST_TARGET_NAME = App12;
			};
			name = Release;
		};
/* End XCBuildConfiguration section */

/* Begin XCConfigurationList section */
		42BFACC02CE6EBD700845177 /* Build configuration list for PBXProject "App12" */ = {
			isa = XCConfigurationList;
			buildConfigurations = (
				42BFACF12CE6EBD900845177 /* Debug */,
				42BFACF22CE6EBD900845177 /* Release */,
			);
			defaultConfigurationIsVisible = 0;
			defaultConfigurationName = Release;
		};
		42BFACEE2CE6EBD900845177 /* Build configuration list for PBXNativeTarget "App12" */ = {
			isa = XCConfigurationList;
			buildConfigurations = (
				42BFACEF2CE6EBD900845177 /* Debug */,
				42BFACF02CE6EBD900845177 /* Release */,
			);
			defaultConfigurationIsVisible = 0;
			defaultConfigurationName = Release;
		};
		42BFACF32CE6EBD900845177 /* Build configuration list for PBXNativeTarget "App12Tests" */ = {
			isa = XCConfigurationList;
			buildConfigurations = (
				42BFACF42CE6EBD900845177 /* Debug */,
				42BFACF52CE6EBD900845177 /* Release */,
			);
			defaultConfigurationIsVisible = 0;
			defaultConfigurationName = Release;
		};
		42BFACF62CE6EBD900845177 /* Build configuration list for PBXNativeTarget "App12UITests" */ = {
			isa = XCConfigurationList;
			buildConfigurations = (
				42BFACF72CE6EBD900845177 /* Debug */,
				42BFACF82CE6EBD900845177 /* Release */,
			);
			defaultConfigurationIsVisible = 0;
			defaultConfigurationName = Release;
		};
/* End XCConfigurationList section */

/* Begin XCRemoteSwiftPackageReference section */
		42BFACFB2CE6ED9800845177 /* XCRemoteSwiftPackageReference "firebase-ios-sdk" */ = {
			isa = XCRemoteSwiftPackageReference;
			repositoryURL = "https://github.com/firebase/firebase-ios-sdk";
			requirement = {
				kind = upToNextMajorVersion;
				minimumVersion = 11.5.0;
			};
		};
/* End XCRemoteSwiftPackageReference section */

/* Begin XCSwiftPackageProductDependency section */
		42BFACFC2CE6ED9800845177 /* FirebaseAuth */ = {
			isa = XCSwiftPackageProductDependency;
			package = 42BFACFB2CE6ED9800845177 /* XCRemoteSwiftPackageReference "firebase-ios-sdk" */;
			productName = FirebaseAuth;
		};
		42BFACFE2CE6ED9800845177 /* FirebaseFirestore */ = {
			isa = XCSwiftPackageProductDependency;
			package = 42BFACFB2CE6ED9800845177 /* XCRemoteSwiftPackageReference "firebase-ios-sdk" */;
			productName = FirebaseFirestore;
		};
		42BFAD002CE6ED9800845177 /* FirebaseStorage */ = {
			isa = XCSwiftPackageProductDependency;
			package = 42BFACFB2CE6ED9800845177 /* XCRemoteSwiftPackageReference "firebase-ios-sdk" */;
			productName = FirebaseStorage;
		};
/* End XCSwiftPackageProductDependency section */
	};
	rootObject = 42BFACBD2CE6EBD700845177 /* Project object */;
}
