// !$*UTF8*$!
{
	archiveVersion = 1;
	classes = {
	};
	objectVersion = 56;
	objects = {

/* Begin PBXBuildFile section */
		4BF4044B2A171EAB00B030CD /* AppDelegate.swift in Sources */ = {isa = PBXBuildFile; fileRef = 4BF4044A2A171EAB00B030CD /* AppDelegate.swift */; };
		4BF4044D2A171EAB00B030CD /* SceneDelegate.swift in Sources */ = {isa = PBXBuildFile; fileRef = 4BF4044C2A171EAB00B030CD /* SceneDelegate.swift */; };
		4BF4044F2A171EAB00B030CD /* ViewController.swift in Sources */ = {isa = PBXBuildFile; fileRef = 4BF4044E2A171EAB00B030CD /* ViewController.swift */; };
		4BF404522A171EAB00B030CD /* Main.storyboard in Resources */ = {isa = PBXBuildFile; fileRef = 4BF404502A171EAB00B030CD /* Main.storyboard */; };
		4BF404542A171EAC00B030CD /* Assets.xcassets in Resources */ = {isa = PBXBuildFile; fileRef = 4BF404532A171EAC00B030CD /* Assets.xcassets */; };
		4BF404572A171EAC00B030CD /* LaunchScreen.storyboard in Resources */ = {isa = PBXBuildFile; fileRef = 4BF404552A171EAC00B030CD /* LaunchScreen.storyboard */; };
		4BF404682A171F0200B030CD /* FirstScreenView.swift in Sources */ = {isa = PBXBuildFile; fileRef = 4BF404602A171F0100B030CD /* FirstScreenView.swift */; };
		4BF404692A171F0200B030CD /* TableViewExpenseCell.swift in Sources */ = {isa = PBXBuildFile; fileRef = 4BF404612A171F0100B030CD /* TableViewExpenseCell.swift */; };
		4BF4046A2A171F0200B030CD /* AddExpenseViewController.swift in Sources */ = {isa = PBXBuildFile; fileRef = 4BF404632A171F0200B030CD /* AddExpenseViewController.swift */; };
		4BF4046B2A171F0200B030CD /* AddExpenseView.swift in Sources */ = {isa = PBXBuildFile; fileRef = 4BF404642A171F0200B030CD /* AddExpenseView.swift */; };
		4BF4046C2A171F0200B030CD /* Expense.swift in Sources */ = {isa = PBXBuildFile; fileRef = 4BF404662A171F0200B030CD /* Expense.swift */; };
		4BF4046E2A171F9A00B030CD /* Utilities.swift in Sources */ = {isa = PBXBuildFile; fileRef = 4BF4046D2A171F9A00B030CD /* Utilities.swift */; };
/* End PBXBuildFile section */

/* Begin PBXFileReference section */
		4BF404472A171EAB00B030CD /* App6.app */ = {isa = PBXFileReference; explicitFileType = wrapper.application; includeInIndex = 0; path = App6.app; sourceTree = BUILT_PRODUCTS_DIR; };
		4BF4044A2A171EAB00B030CD /* AppDelegate.swift */ = {isa = PBXFileReference; lastKnownFileType = sourcecode.swift; path = AppDelegate.swift; sourceTree = "<group>"; };
		4BF4044C2A171EAB00B030CD /* SceneDelegate.swift */ = {isa = PBXFileReference; lastKnownFileType = sourcecode.swift; path = SceneDelegate.swift; sourceTree = "<group>"; };
		4BF4044E2A171EAB00B030CD /* ViewController.swift */ = {isa = PBXFileReference; lastKnownFileType = sourcecode.swift; path = ViewController.swift; sourceTree = "<group>"; };
		4BF404512A171EAB00B030CD /* Base */ = {isa = PBXFileReference; lastKnownFileType = file.storyboard; name = Base; path = Base.lproj/Main.storyboard; sourceTree = "<group>"; };
		4BF404532A171EAC00B030CD /* Assets.xcassets */ = {isa = PBXFileReference; lastKnownFileType = folder.assetcatalog; path = Assets.xcassets; sourceTree = "<group>"; };
		4BF404562A171EAC00B030CD /* Base */ = {isa = PBXFileReference; lastKnownFileType = file.storyboard; name = Base; path = Base.lproj/LaunchScreen.storyboard; sourceTree = "<group>"; };
		4BF404582A171EAC00B030CD /* Info.plist */ = {isa = PBXFileReference; lastKnownFileType = text.plist.xml; path = Info.plist; sourceTree = "<group>"; };
		4BF404602A171F0100B030CD /* FirstScreenView.swift */ = {isa = PBXFileReference; fileEncoding = 4; lastKnownFileType = sourcecode.swift; path = FirstScreenView.swift; sourceTree = "<group>"; };
		4BF404612A171F0100B030CD /* TableViewExpenseCell.swift */ = {isa = PBXFileReference; fileEncoding = 4; lastKnownFileType = sourcecode.swift; path = TableViewExpenseCell.swift; sourceTree = "<group>"; };
		4BF404632A171F0200B030CD /* AddExpenseViewController.swift */ = {isa = PBXFileReference; fileEncoding = 4; lastKnownFileType = sourcecode.swift; path = AddExpenseViewController.swift; sourceTree = "<group>"; };
		4BF404642A171F0200B030CD /* AddExpenseView.swift */ = {isa = PBXFileReference; fileEncoding = 4; lastKnownFileType = sourcecode.swift; path = AddExpenseView.swift; sourceTree = "<group>"; };
		4BF404662A171F0200B030CD /* Expense.swift */ = {isa = PBXFileReference; fileEncoding = 4; lastKnownFileType = sourcecode.swift; path = Expense.swift; sourceTree = "<group>"; };
		4BF4046D2A171F9A00B030CD /* Utilities.swift */ = {isa = PBXFileReference; fileEncoding = 4; lastKnownFileType = sourcecode.swift; path = Utilities.swift; sourceTree = "<group>"; };
/* End PBXFileReference section */

/* Begin PBXFrameworksBuildPhase section */
		4BF404442A171EAB00B030CD /* Frameworks */ = {
			isa = PBXFrameworksBuildPhase;
			buildActionMask = 2147483647;
			files = (
			);
			runOnlyForDeploymentPostprocessing = 0;
		};
/* End PBXFrameworksBuildPhase section */

/* Begin PBXGroup section */
		4BF4043E2A171EAB00B030CD = {
			isa = PBXGroup;
			children = (
				4BF404492A171EAB00B030CD /* App6 */,
				4BF404482A171EAB00B030CD /* Products */,
			);
			sourceTree = "<group>";
		};
		4BF404482A171EAB00B030CD /* Products */ = {
			isa = PBXGroup;
			children = (
				4BF404472A171EAB00B030CD /* App6.app */,
			);
			name = Products;
			sourceTree = "<group>";
		};
		4BF404492A171EAB00B030CD /* App6 */ = {
			isa = PBXGroup;
			children = (
				4BF4046D2A171F9A00B030CD /* Utilities.swift */,
				4BF4045E2A171F0100B030CD /* First Screen */,
				4BF404652A171F0200B030CD /* Data models */,
				4BF404622A171F0200B030CD /* Add Expense Screen */,
				4BF4044A2A171EAB00B030CD /* AppDelegate.swift */,
				4BF4044C2A171EAB00B030CD /* SceneDelegate.swift */,
				4BF404502A171EAB00B030CD /* Main.storyboard */,
				4BF404532A171EAC00B030CD /* Assets.xcassets */,
				4BF404552A171EAC00B030CD /* LaunchScreen.storyboard */,
				4BF404582A171EAC00B030CD /* Info.plist */,
			);
			path = App6;
			sourceTree = "<group>";
		};
		4BF4045E2A171F0100B030CD /* First Screen */ = {
			isa = PBXGroup;
			children = (
				4BF404602A171F0100B030CD /* FirstScreenView.swift */,
				4BF404612A171F0100B030CD /* TableViewExpenseCell.swift */,
				4BF4044E2A171EAB00B030CD /* ViewController.swift */,
			);
			path = "First Screen";
			sourceTree = "<group>";
		};
		4BF404622A171F0200B030CD /* Add Expense Screen */ = {
			isa = PBXGroup;
			children = (
				4BF404632A171F0200B030CD /* AddExpenseViewController.swift */,
				4BF404642A171F0200B030CD /* AddExpenseView.swift */,
			);
			path = "Add Expense Screen";
			sourceTree = "<group>";
		};
		4BF404652A171F0200B030CD /* Data models */ = {
			isa = PBXGroup;
			children = (
				4BF404662A171F0200B030CD /* Expense.swift */,
			);
			path = "Data models";
			sourceTree = "<group>";
		};
/* End PBXGroup section */

/* Begin PBXNativeTarget section */
		4BF404462A171EAB00B030CD /* App6 */ = {
			isa = PBXNativeTarget;
			buildConfigurationList = 4BF4045B2A171EAC00B030CD /* Build configuration list for PBXNativeTarget "App6" */;
			buildPhases = (
				4BF404432A171EAB00B030CD /* Sources */,
				4BF404442A171EAB00B030CD /* Frameworks */,
				4BF404452A171EAB00B030CD /* Resources */,
			);
			buildRules = (
			);
			dependencies = (
			);
			name = App6;
			productName = App6;
			productReference = 4BF404472A171EAB00B030CD /* App6.app */;
			productType = "com.apple.product-type.application";
		};
/* End PBXNativeTarget section */

/* Begin PBXProject section */
		4BF4043F2A171EAB00B030CD /* Project object */ = {
			isa = PBXProject;
			attributes = {
				BuildIndependentTargetsInParallel = 1;
				LastSwiftUpdateCheck = 1430;
				LastUpgradeCheck = 1430;
				TargetAttributes = {
					4BF404462A171EAB00B030CD = {
						CreatedOnToolsVersion = 14.3;
					};
				};
			};
			buildConfigurationList = 4BF404422A171EAB00B030CD /* Build configuration list for PBXProject "App6" */;
			compatibilityVersion = "Xcode 14.0";
			developmentRegion = en;
			hasScannedForEncodings = 0;
			knownRegions = (
				en,
				Base,
			);
			mainGroup = 4BF4043E2A171EAB00B030CD;
			productRefGroup = 4BF404482A171EAB00B030CD /* Products */;
			projectDirPath = "";
			projectRoot = "";
			targets = (
				4BF404462A171EAB00B030CD /* App6 */,
			);
		};
/* End PBXProject section */

/* Begin PBXResourcesBuildPhase section */
		4BF404452A171EAB00B030CD /* Resources */ = {
			isa = PBXResourcesBuildPhase;
			buildActionMask = 2147483647;
			files = (
				4BF404572A171EAC00B030CD /* LaunchScreen.storyboard in Resources */,
				4BF404542A171EAC00B030CD /* Assets.xcassets in Resources */,
				4BF404522A171EAB00B030CD /* Main.storyboard in Resources */,
			);
			runOnlyForDeploymentPostprocessing = 0;
		};
/* End PBXResourcesBuildPhase section */

/* Begin PBXSourcesBuildPhase section */
		4BF404432A171EAB00B030CD /* Sources */ = {
			isa = PBXSourcesBuildPhase;
			buildActionMask = 2147483647;
			files = (
				4BF4044F2A171EAB00B030CD /* ViewController.swift in Sources */,
				4BF4044B2A171EAB00B030CD /* AppDelegate.swift in Sources */,
				4BF4046B2A171F0200B030CD /* AddExpenseView.swift in Sources */,
				4BF404682A171F0200B030CD /* FirstScreenView.swift in Sources */,
				4BF404692A171F0200B030CD /* TableViewExpenseCell.swift in Sources */,
				4BF4046C2A171F0200B030CD /* Expense.swift in Sources */,
				4BF4046E2A171F9A00B030CD /* Utilities.swift in Sources */,
				4BF4044D2A171EAB00B030CD /* SceneDelegate.swift in Sources */,
				4BF4046A2A171F0200B030CD /* AddExpenseViewController.swift in Sources */,
			);
			runOnlyForDeploymentPostprocessing = 0;
		};
/* End PBXSourcesBuildPhase section */

/* Begin PBXVariantGroup section */
		4BF404502A171EAB00B030CD /* Main.storyboard */ = {
			isa = PBXVariantGroup;
			children = (
				4BF404512A171EAB00B030CD /* Base */,
			);
			name = Main.storyboard;
			sourceTree = "<group>";
		};
		4BF404552A171EAC00B030CD /* LaunchScreen.storyboard */ = {
			isa = PBXVariantGroup;
			children = (
				4BF404562A171EAC00B030CD /* Base */,
			);
			name = LaunchScreen.storyboard;
			sourceTree = "<group>";
		};
/* End PBXVariantGroup section */

/* Begin XCBuildConfiguration section */
		4BF404592A171EAC00B030CD /* Debug */ = {
			isa = XCBuildConfiguration;
			buildSettings = {
				ALWAYS_SEARCH_USER_PATHS = NO;
				CLANG_ANALYZER_NONNULL = YES;
				CLANG_ANALYZER_NUMBER_OBJECT_CONVERSION = YES_AGGRESSIVE;
				CLANG_CXX_LANGUAGE_STANDARD = "gnu++20";
				CLANG_ENABLE_MODULES = YES;
				CLANG_ENABLE_OBJC_ARC = YES;
				CLANG_ENABLE_OBJC_WEAK = YES;
				CLANG_WARN_BLOCK_CAPTURE_AUTORELEASING = YES;
				CLANG_WARN_BOOL_CONVERSION = YES;
				CLANG_WARN_COMMA = YES;
				CLANG_WARN_CONSTANT_CONVERSION = YES;
				CLANG_WARN_DEPRECATED_OBJC_IMPLEMENTATIONS = YES;
				CLANG_WARN_DIRECT_OBJC_ISA_USAGE = YES_ERROR;
				CLANG_WARN_DOCUMENTATION_COMMENTS = YES;
				CLANG_WARN_EMPTY_BODY = YES;
				CLANG_WARN_ENUM_CONVERSION = YES;
				CLANG_WARN_INFINITE_RECURSION = YES;
				CLANG_WARN_INT_CONVERSION = YES;
				CLANG_WARN_NON_LITERAL_NULL_CONVERSION = YES;
				CLANG_WARN_OBJC_IMPLICIT_RETAIN_SELF = YES;
				CLANG_WARN_OBJC_LITERAL_CONVERSION = YES;
				CLANG_WARN_OBJC_ROOT_CLASS = YES_ERROR;
				CLANG_WARN_QUOTED_INCLUDE_IN_FRAMEWORK_HEADER = YES;
				CLANG_WARN_RANGE_LOOP_ANALYSIS = YES;
				CLANG_WARN_STRICT_PROTOTYPES = YES;
				CLANG_WARN_SUSPICIOUS_MOVE = YES;
				CLANG_WARN_UNGUARDED_AVAILABILITY = YES_AGGRESSIVE;
				CLANG_WARN_UNREACHABLE_CODE = YES;
				CLANG_WARN__DUPLICATE_METHOD_MATCH = YES;
				COPY_PHASE_STRIP = NO;
				DEBUG_INFORMATION_FORMAT = dwarf;
				ENABLE_STRICT_OBJC_MSGSEND = YES;
				ENABLE_TESTABILITY = YES;
				GCC_C_LANGUAGE_STANDARD = gnu11;
				GCC_DYNAMIC_NO_PIC = NO;
				GCC_NO_COMMON_BLOCKS = YES;
				GCC_OPTIMIZATION_LEVEL = 0;
				GCC_PREPROCESSOR_DEFINITIONS = (
					"DEBUG=1",
					"$(inherited)",
				);
				GCC_WARN_64_TO_32_BIT_CONVERSION = YES;
				GCC_WARN_ABOUT_RETURN_TYPE = YES_ERROR;
				GCC_WARN_UNDECLARED_SELECTOR = YES;
				GCC_WARN_UNINITIALIZED_AUTOS = YES_AGGRESSIVE;
				GCC_WARN_UNUSED_FUNCTION = YES;
				GCC_WARN_UNUSED_VARIABLE = YES;
				IPHONEOS_DEPLOYMENT_TARGET = 16.4;
				MTL_ENABLE_DEBUG_INFO = INCLUDE_SOURCE;
				MTL_FAST_MATH = YES;
				ONLY_ACTIVE_ARCH = YES;
				SDKROOT = iphoneos;
				SWIFT_ACTIVE_COMPILATION_CONDITIONS = DEBUG;
				SWIFT_OPTIMIZATION_LEVEL = "-Onone";
			};
			name = Debug;
		};
		4BF4045A2A171EAC00B030CD /* Release */ = {
			isa = XCBuildConfiguration;
			buildSettings = {
				ALWAYS_SEARCH_USER_PATHS = NO;
				CLANG_ANALYZER_NONNULL = YES;
				CLANG_ANALYZER_NUMBER_OBJECT_CONVERSION = YES_AGGRESSIVE;
				CLANG_CXX_LANGUAGE_STANDARD = "gnu++20";
				CLANG_ENABLE_MODULES = YES;
				CLANG_ENABLE_OBJC_ARC = YES;
				CLANG_ENABLE_OBJC_WEAK = YES;
				CLANG_WARN_BLOCK_CAPTURE_AUTORELEASING = YES;
				CLANG_WARN_BOOL_CONVERSION = YES;
				CLANG_WARN_COMMA = YES;
				CLANG_WARN_CONSTANT_CONVERSION = YES;
				CLANG_WARN_DEPRECATED_OBJC_IMPLEMENTATIONS = YES;
				CLANG_WARN_DIRECT_OBJC_ISA_USAGE = YES_ERROR;
				CLANG_WARN_DOCUMENTATION_COMMENTS = YES;
				CLANG_WARN_EMPTY_BODY = YES;
				CLANG_WARN_ENUM_CONVERSION = YES;
				CLANG_WARN_INFINITE_RECURSION = YES;
				CLANG_WARN_INT_CONVERSION = YES;
				CLANG_WARN_NON_LITERAL_NULL_CONVERSION = YES;
				CLANG_WARN_OBJC_IMPLICIT_RETAIN_SELF = YES;
				CLANG_WARN_OBJC_LITERAL_CONVERSION = YES;
				CLANG_WARN_OBJC_ROOT_CLASS = YES_ERROR;
				CLANG_WARN_QUOTED_INCLUDE_IN_FRAMEWORK_HEADER = YES;
				CLANG_WARN_RANGE_LOOP_ANALYSIS = YES;
				CLANG_WARN_STRICT_PROTOTYPES = YES;
				CLANG_WARN_SUSPICIOUS_MOVE = YES;
				CLANG_WARN_UNGUARDED_AVAILABILITY = YES_AGGRESSIVE;
				CLANG_WARN_UNREACHABLE_CODE = YES;
				CLANG_WARN__DUPLICATE_METHOD_MATCH = YES;
				COPY_PHASE_STRIP = NO;
				DEBUG_INFORMATION_FORMAT = "dwarf-with-dsym";
				ENABLE_NS_ASSERTIONS = NO;
				ENABLE_STRICT_OBJC_MSGSEND = YES;
				GCC_C_LANGUAGE_STANDARD = gnu11;
				GCC_NO_COMMON_BLOCKS = YES;
				GCC_WARN_64_TO_32_BIT_CONVERSION = YES;
				GCC_WARN_ABOUT_RETURN_TYPE = YES_ERROR;
				GCC_WARN_UNDECLARED_SELECTOR = YES;
				GCC_WARN_UNINITIALIZED_AUTOS = YES_AGGRESSIVE;
				GCC_WARN_UNUSED_FUNCTION = YES;
				GCC_WARN_UNUSED_VARIABLE = YES;
				IPHONEOS_DEPLOYMENT_TARGET = 16.4;
				MTL_ENABLE_DEBUG_INFO = NO;
				MTL_FAST_MATH = YES;
				SDKROOT = iphoneos;
				SWIFT_COMPILATION_MODE = wholemodule;
				SWIFT_OPTIMIZATION_LEVEL = "-O";
				VALIDATE_PRODUCT = YES;
			};
			name = Release;
		};
		4BF4045C2A171EAC00B030CD /* Debug */ = {
			isa = XCBuildConfiguration;
			buildSettings = {
				ASSETCATALOG_COMPILER_APPICON_NAME = AppIcon;
				ASSETCATALOG_COMPILER_GLOBAL_ACCENT_COLOR_NAME = AccentColor;
				CODE_SIGN_STYLE = Automatic;
				CURRENT_PROJECT_VERSION = 1;
				DEVELOPMENT_TEAM = 6KY65WY559;
				GENERATE_INFOPLIST_FILE = YES;
				INFOPLIST_FILE = App6/Info.plist;
				INFOPLIST_KEY_UIApplicationSupportsIndirectInputEvents = YES;
				INFOPLIST_KEY_UILaunchStoryboardName = LaunchScreen;
				INFOPLIST_KEY_UIMainStoryboardFile = Main;
				INFOPLIST_KEY_UISupportedInterfaceOrientations_iPad = "UIInterfaceOrientationPortrait UIInterfaceOrientationPortraitUpsideDown UIInterfaceOrientationLandscapeLeft UIInterfaceOrientationLandscapeRight";
				INFOPLIST_KEY_UISupportedInterfaceOrientations_iPhone = "UIInterfaceOrientationPortrait UIInterfaceOrientationLandscapeLeft UIInterfaceOrientationLandscapeRight";
				LD_RUNPATH_SEARCH_PATHS = (
					"$(inherited)",
					"@executable_path/Frameworks",
				);
				MARKETING_VERSION = 1.0;
				PRODUCT_BUNDLE_IDENTIFIER = space.sakibnm.App6;
				PRODUCT_NAME = "$(TARGET_NAME)";
				SWIFT_EMIT_LOC_STRINGS = YES;
				SWIFT_VERSION = 5.0;
				TARGETED_DEVICE_FAMILY = "1,2";
			};
			name = Debug;
		};
		4BF4045D2A171EAC00B030CD /* Release */ = {
			isa = XCBuildConfiguration;
			buildSettings = {
				ASSETCATALOG_COMPILER_APPICON_NAME = AppIcon;
				ASSETCATALOG_COMPILER_GLOBAL_ACCENT_COLOR_NAME = AccentColor;
				CODE_SIGN_STYLE = Automatic;
				CURRENT_PROJECT_VERSION = 1;
				DEVELOPMENT_TEAM = 6KY65WY559;
				GENERATE_INFOPLIST_FILE = YES;
				INFOPLIST_FILE = App6/Info.plist;
				INFOPLIST_KEY_UIApplicationSupportsIndirectInputEvents = YES;
				INFOPLIST_KEY_UILaunchStoryboardName = LaunchScreen;
				INFOPLIST_KEY_UIMainStoryboardFile = Main;
				INFOPLIST_KEY_UISupportedInterfaceOrientations_iPad = "UIInterfaceOrientationPortrait UIInterfaceOrientationPortraitUpsideDown UIInterfaceOrientationLandscapeLeft UIInterfaceOrientationLandscapeRight";
				INFOPLIST_KEY_UISupportedInterfaceOrientations_iPhone = "UIInterfaceOrientationPortrait UIInterfaceOrientationLandscapeLeft UIInterfaceOrientationLandscapeRight";
				LD_RUNPATH_SEARCH_PATHS = (
					"$(inherited)",
					"@executable_path/Frameworks",
				);
				MARKETING_VERSION = 1.0;
				PRODUCT_BUNDLE_IDENTIFIER = space.sakibnm.App6;
				PRODUCT_NAME = "$(TARGET_NAME)";
				SWIFT_EMIT_LOC_STRINGS = YES;
				SWIFT_VERSION = 5.0;
				TARGETED_DEVICE_FAMILY = "1,2";
			};
			name = Release;
		};
/* End XCBuildConfiguration section */

/* Begin XCConfigurationList section */
		4BF404422A171EAB00B030CD /* Build configuration list for PBXProject "App6" */ = {
			isa = XCConfigurationList;
			buildConfigurations = (
				4BF404592A171EAC00B030CD /* Debug */,
				4BF4045A2A171EAC00B030CD /* Release */,
			);
			defaultConfigurationIsVisible = 0;
			defaultConfigurationName = Release;
		};
		4BF4045B2A171EAC00B030CD /* Build configuration list for PBXNativeTarget "App6" */ = {
			isa = XCConfigurationList;
			buildConfigurations = (
				4BF4045C2A171EAC00B030CD /* Debug */,
				4BF4045D2A171EAC00B030CD /* Release */,
			);
			defaultConfigurationIsVisible = 0;
			defaultConfigurationName = Release;
		};
/* End XCConfigurationList section */
	};
	rootObject = 4BF4043F2A171EAB00B030CD /* Project object */;
}
